// !$*UTF8*$!
{
	archiveVersion = 1;
	classes = {
	};
	objectVersion = 56;
	objects = {

/* Begin PBXBuildFile section */
		F8B00D4E2B166A8C00318229 /* AppDelegate.swift in Sources */ = {isa = PBXBuildFile; fileRef = F8B00D4D2B166A8C00318229 /* AppDelegate.swift */; };
		F8B00D502B166A8C00318229 /* SceneDelegate.swift in Sources */ = {isa = PBXBuildFile; fileRef = F8B00D4F2B166A8C00318229 /* SceneDelegate.swift */; };
		F8B00D522B166A8C00318229 /* ViewController.swift in Sources */ = {isa = PBXBuildFile; fileRef = F8B00D512B166A8C00318229 /* ViewController.swift */; };
		F8B00D552B166A8C00318229 /* Main.storyboard in Resources */ = {isa = PBXBuildFile; fileRef = F8B00D532B166A8C00318229 /* Main.storyboard */; };
		F8B00D572B166A8D00318229 /* Assets.xcassets in Resources */ = {isa = PBXBuildFile; fileRef = F8B00D562B166A8D00318229 /* Assets.xcassets */; };
		F8B00D5A2B166A8D00318229 /* LaunchScreen.storyboard in Resources */ = {isa = PBXBuildFile; fileRef = F8B00D582B166A8D00318229 /* LaunchScreen.storyboard */; };
		F8B00D652B166A8D00318229 /* Layman_DictionaryTests.swift in Sources */ = {isa = PBXBuildFile; fileRef = F8B00D642B166A8D00318229 /* Layman_DictionaryTests.swift */; };
		F8B00D6F2B166A8D00318229 /* Layman_DictionaryUITests.swift in Sources */ = {isa = PBXBuildFile; fileRef = F8B00D6E2B166A8D00318229 /* Layman_DictionaryUITests.swift */; };
		F8B00D712B166A8D00318229 /* Layman_DictionaryUITestsLaunchTests.swift in Sources */ = {isa = PBXBuildFile; fileRef = F8B00D702B166A8D00318229 /* Layman_DictionaryUITestsLaunchTests.swift */; };
		F8B00D7E2B166AF900318229 /* ResultViewController.swift in Sources */ = {isa = PBXBuildFile; fileRef = F8B00D7D2B166AF900318229 /* ResultViewController.swift */; };
/* End PBXBuildFile section */

/* Begin PBXContainerItemProxy section */
		F8B00D612B166A8D00318229 /* PBXContainerItemProxy */ = {
			isa = PBXContainerItemProxy;
			containerPortal = F8B00D422B166A8C00318229 /* Project object */;
			proxyType = 1;
			remoteGlobalIDString = F8B00D492B166A8C00318229;
			remoteInfo = Layman_Dictionary;
		};
		F8B00D6B2B166A8D00318229 /* PBXContainerItemProxy */ = {
			isa = PBXContainerItemProxy;
			containerPortal = F8B00D422B166A8C00318229 /* Project object */;
			proxyType = 1;
			remoteGlobalIDString = F8B00D492B166A8C00318229;
			remoteInfo = Layman_Dictionary;
		};
/* End PBXContainerItemProxy section */

/* Begin PBXFileReference section */
		F8B00D4A2B166A8C00318229 /* Layman_Dictionary.app */ = {isa = PBXFileReference; explicitFileType = wrapper.application; includeInIndex = 0; path = Layman_Dictionary.app; sourceTree = BUILT_PRODUCTS_DIR; };
		F8B00D4D2B166A8C00318229 /* AppDelegate.swift */ = {isa = PBXFileReference; lastKnownFileType = sourcecode.swift; path = AppDelegate.swift; sourceTree = "<group>"; };
		F8B00D4F2B166A8C00318229 /* SceneDelegate.swift */ = {isa = PBXFileReference; lastKnownFileType = sourcecode.swift; path = SceneDelegate.swift; sourceTree = "<group>"; };
		F8B00D512B166A8C00318229 /* ViewController.swift */ = {isa = PBXFileReference; lastKnownFileType = sourcecode.swift; path = ViewController.swift; sourceTree = "<group>"; };
		F8B00D542B166A8C00318229 /* Base */ = {isa = PBXFileReference; lastKnownFileType = file.storyboard; name = Base; path = Base.lproj/Main.storyboard; sourceTree = "<group>"; };
		F8B00D562B166A8D00318229 /* Assets.xcassets */ = {isa = PBXFileReference; lastKnownFileType = folder.assetcatalog; path = Assets.xcassets; sourceTree = "<group>"; };
		F8B00D592B166A8D00318229 /* Base */ = {isa = PBXFileReference; lastKnownFileType = file.storyboard; name = Base; path = Base.lproj/LaunchScreen.storyboard; sourceTree = "<group>"; };
		F8B00D5B2B166A8D00318229 /* Info.plist */ = {isa = PBXFileReference; lastKnownFileType = text.plist.xml; path = Info.plist; sourceTree = "<group>"; };
		F8B00D602B166A8D00318229 /* Layman_DictionaryTests.xctest */ = {isa = PBXFileReference; explicitFileType = wrapper.cfbundle; includeInIndex = 0; path = Layman_DictionaryTests.xctest; sourceTree = BUILT_PRODUCTS_DIR; };
		F8B00D642B166A8D00318229 /* Layman_DictionaryTests.swift */ = {isa = PBXFileReference; lastKnownFileType = sourcecode.swift; path = Layman_DictionaryTests.swift; sourceTree = "<group>"; };
		F8B00D6A2B166A8D00318229 /* Layman_DictionaryUITests.xctest */ = {isa = PBXFileReference; explicitFileType = wrapper.cfbundle; includeInIndex = 0; path = Layman_DictionaryUITests.xctest; sourceTree = BUILT_PRODUCTS_DIR; };
		F8B00D6E2B166A8D00318229 /* Layman_DictionaryUITests.swift */ = {isa = PBXFileReference; lastKnownFileType = sourcecode.swift; path = Layman_DictionaryUITests.swift; sourceTree = "<group>"; };
		F8B00D702B166A8D00318229 /* Layman_DictionaryUITestsLaunchTests.swift */ = {isa = PBXFileReference; lastKnownFileType = sourcecode.swift; path = Layman_DictionaryUITestsLaunchTests.swift; sourceTree = "<group>"; };
		F8B00D7D2B166AF900318229 /* ResultViewController.swift */ = {isa = PBXFileReference; lastKnownFileType = sourcecode.swift; path = ResultViewController.swift; sourceTree = "<group>"; };
/* End PBXFileReference section */

/* Begin PBXFrameworksBuildPhase section */
		F8B00D472B166A8C00318229 /* Frameworks */ = {
			isa = PBXFrameworksBuildPhase;
			buildActionMask = 2147483647;
			files = (
			);
			runOnlyForDeploymentPostprocessing = 0;
		};
		F8B00D5D2B166A8D00318229 /* Frameworks */ = {
			isa = PBXFrameworksBuildPhase;
			buildActionMask = 2147483647;
			files = (
			);
			runOnlyForDeploymentPostprocessing = 0;
		};
		F8B00D672B166A8D00318229 /* Frameworks */ = {
			isa = PBXFrameworksBuildPhase;
			buildActionMask = 2147483647;
			files = (
			);
			runOnlyForDeploymentPostprocessing = 0;
		};
/* End PBXFrameworksBuildPhase section */

/* Begin PBXGroup section */
		F8B00D412B166A8C00318229 = {
			isa = PBXGroup;
			children = (
				F8B00D4C2B166A8C00318229 /* Layman_Dictionary */,
				F8B00D632B166A8D00318229 /* Layman_DictionaryTests */,
				F8B00D6D2B166A8D00318229 /* Layman_DictionaryUITests */,
				F8B00D4B2B166A8C00318229 /* Products */,
			);
			sourceTree = "<group>";
		};
		F8B00D4B2B166A8C00318229 /* Products */ = {
			isa = PBXGroup;
			children = (
				F8B00D4A2B166A8C00318229 /* Layman_Dictionary.app */,
				F8B00D602B166A8D00318229 /* Layman_DictionaryTests.xctest */,
				F8B00D6A2B166A8D00318229 /* Layman_DictionaryUITests.xctest */,
			);
			name = Products;
			sourceTree = "<group>";
		};
		F8B00D4C2B166A8C00318229 /* Layman_Dictionary */ = {
			isa = PBXGroup;
			children = (
				F8B00D4D2B166A8C00318229 /* AppDelegate.swift */,
				F8B00D4F2B166A8C00318229 /* SceneDelegate.swift */,
				F8B00D512B166A8C00318229 /* ViewController.swift */,
				F8B00D532B166A8C00318229 /* Main.storyboard */,
				F8B00D7D2B166AF900318229 /* ResultViewController.swift */,
				F8B00D562B166A8D00318229 /* Assets.xcassets */,
				F8B00D582B166A8D00318229 /* LaunchScreen.storyboard */,
				F8B00D5B2B166A8D00318229 /* Info.plist */,
			);
			path = Layman_Dictionary;
			sourceTree = "<group>";
		};
		F8B00D632B166A8D00318229 /* Layman_DictionaryTests */ = {
			isa = PBXGroup;
			children = (
				F8B00D642B166A8D00318229 /* Layman_DictionaryTests.swift */,
			);
			path = Layman_DictionaryTests;
			sourceTree = "<group>";
		};
		F8B00D6D2B166A8D00318229 /* Layman_DictionaryUITests */ = {
			isa = PBXGroup;
			children = (
				F8B00D6E2B166A8D00318229 /* Layman_DictionaryUITests.swift */,
				F8B00D702B166A8D00318229 /* Layman_DictionaryUITestsLaunchTests.swift */,
			);
			path = Layman_DictionaryUITests;
			sourceTree = "<group>";
		};
/* End PBXGroup section */

/* Begin PBXNativeTarget section */
		F8B00D492B166A8C00318229 /* Layman_Dictionary */ = {
			isa = PBXNativeTarget;
			buildConfigurationList = F8B00D742B166A8D00318229 /* Build configuration list for PBXNativeTarget "Layman_Dictionary" */;
			buildPhases = (
				F8B00D462B166A8C00318229 /* Sources */,
				F8B00D472B166A8C00318229 /* Frameworks */,
				F8B00D482B166A8C00318229 /* Resources */,
			);
			buildRules = (
			);
			dependencies = (
			);
			name = Layman_Dictionary;
			productName = Layman_Dictionary;
			productReference = F8B00D4A2B166A8C00318229 /* Layman_Dictionary.app */;
			productType = "com.apple.product-type.application";
		};
		F8B00D5F2B166A8D00318229 /* Layman_DictionaryTests */ = {
			isa = PBXNativeTarget;
			buildConfigurationList = F8B00D772B166A8D00318229 /* Build configuration list for PBXNativeTarget "Layman_DictionaryTests" */;
			buildPhases = (
				F8B00D5C2B166A8D00318229 /* Sources */,
				F8B00D5D2B166A8D00318229 /* Frameworks */,
				F8B00D5E2B166A8D00318229 /* Resources */,
			);
			buildRules = (
			);
			dependencies = (
				F8B00D622B166A8D00318229 /* PBXTargetDependency */,
			);
			name = Layman_DictionaryTests;
			productName = Layman_DictionaryTests;
			productReference = F8B00D602B166A8D00318229 /* Layman_DictionaryTests.xctest */;
			productType = "com.apple.product-type.bundle.unit-test";
		};
		F8B00D692B166A8D00318229 /* Layman_DictionaryUITests */ = {
			isa = PBXNativeTarget;
			buildConfigurationList = F8B00D7A2B166A8D00318229 /* Build configuration list for PBXNativeTarget "Layman_DictionaryUITests" */;
			buildPhases = (
				F8B00D662B166A8D00318229 /* Sources */,
				F8B00D672B166A8D00318229 /* Frameworks */,
				F8B00D682B166A8D00318229 /* Resources */,
			);
			buildRules = (
			);
			dependencies = (
				F8B00D6C2B166A8D00318229 /* PBXTargetDependency */,
			);
			name = Layman_DictionaryUITests;
			productName = Layman_DictionaryUITests;
			productReference = F8B00D6A2B166A8D00318229 /* Layman_DictionaryUITests.xctest */;
			productType = "com.apple.product-type.bundle.ui-testing";
		};
/* End PBXNativeTarget section */

/* Begin PBXProject section */
		F8B00D422B166A8C00318229 /* Project object */ = {
			isa = PBXProject;
			attributes = {
				BuildIndependentTargetsInParallel = 1;
				LastSwiftUpdateCheck = 1500;
				LastUpgradeCheck = 1500;
				TargetAttributes = {
					F8B00D492B166A8C00318229 = {
						CreatedOnToolsVersion = 15.0;
					};
					F8B00D5F2B166A8D00318229 = {
						CreatedOnToolsVersion = 15.0;
						TestTargetID = F8B00D492B166A8C00318229;
					};
					F8B00D692B166A8D00318229 = {
						CreatedOnToolsVersion = 15.0;
						TestTargetID = F8B00D492B166A8C00318229;
					};
				};
			};
			buildConfigurationList = F8B00D452B166A8C00318229 /* Build configuration list for PBXProject "Layman_Dictionary" */;
			compatibilityVersion = "Xcode 14.0";
			developmentRegion = en;
			hasScannedForEncodings = 0;
			knownRegions = (
				en,
				Base,
			);
			mainGroup = F8B00D412B166A8C00318229;
			productRefGroup = F8B00D4B2B166A8C00318229 /* Products */;
			projectDirPath = "";
			projectRoot = "";
			targets = (
				F8B00D492B166A8C00318229 /* Layman_Dictionary */,
				F8B00D5F2B166A8D00318229 /* Layman_DictionaryTests */,
				F8B00D692B166A8D00318229 /* Layman_DictionaryUITests */,
			);
		};
/* End PBXProject section */

/* Begin PBXResourcesBuildPhase section */
		F8B00D482B166A8C00318229 /* Resources */ = {
			isa = PBXResourcesBuildPhase;
			buildActionMask = 2147483647;
			files = (
				F8B00D5A2B166A8D00318229 /* LaunchScreen.storyboard in Resources */,
				F8B00D572B166A8D00318229 /* Assets.xcassets in Resources */,
				F8B00D552B166A8C00318229 /* Main.storyboard in Resources */,
			);
			runOnlyForDeploymentPostprocessing = 0;
		};
		F8B00D5E2B166A8D00318229 /* Resources */ = {
			isa = PBXResourcesBuildPhase;
			buildActionMask = 2147483647;
			files = (
			);
			runOnlyForDeploymentPostprocessing = 0;
		};
		F8B00D682B166A8D00318229 /* Resources */ = {
			isa = PBXResourcesBuildPhase;
			buildActionMask = 2147483647;
			files = (
			);
			runOnlyForDeploymentPostprocessing = 0;
		};
/* End PBXResourcesBuildPhase section */

/* Begin PBXSourcesBuildPhase section */
		F8B00D462B166A8C00318229 /* Sources */ = {
			isa = PBXSourcesBuildPhase;
			buildActionMask = 2147483647;
			files = (
				F8B00D522B166A8C00318229 /* ViewController.swift in Sources */,
				F8B00D4E2B166A8C00318229 /* AppDelegate.swift in Sources */,
				F8B00D502B166A8C00318229 /* SceneDelegate.swift in Sources */,
				F8B00D7E2B166AF900318229 /* ResultViewController.swift in Sources */,
			);
			runOnlyForDeploymentPostprocessing = 0;
		};
		F8B00D5C2B166A8D00318229 /* Sources */ = {
			isa = PBXSourcesBuildPhase;
			buildActionMask = 2147483647;
			files = (
				F8B00D652B166A8D00318229 /* Layman_DictionaryTests.swift in Sources */,
			);
			runOnlyForDeploymentPostprocessing = 0;
		};
		F8B00D662B166A8D00318229 /* Sources */ = {
			isa = PBXSourcesBuildPhase;
			buildActionMask = 2147483647;
			files = (
				F8B00D712B166A8D00318229 /* Layman_DictionaryUITestsLaunchTests.swift in Sources */,
				F8B00D6F2B166A8D00318229 /* Layman_DictionaryUITests.swift in Sources */,
			);
			runOnlyForDeploymentPostprocessing = 0;
		};
/* End PBXSourcesBuildPhase section */

/* Begin PBXTargetDependency section */
		F8B00D622B166A8D00318229 /* PBXTargetDependency */ = {
			isa = PBXTargetDependency;
			target = F8B00D492B166A8C00318229 /* Layman_Dictionary */;
			targetProxy = F8B00D612B166A8D00318229 /* PBXContainerItemProxy */;
		};
		F8B00D6C2B166A8D00318229 /* PBXTargetDependency */ = {
			isa = PBXTargetDependency;
			target = F8B00D492B166A8C00318229 /* Layman_Dictionary */;
			targetProxy = F8B00D6B2B166A8D00318229 /* PBXContainerItemProxy */;
		};
/* End PBXTargetDependency section */

/* Begin PBXVariantGroup section */
		F8B00D532B166A8C00318229 /* Main.storyboard */ = {
			isa = PBXVariantGroup;
			children = (
				F8B00D542B166A8C00318229 /* Base */,
			);
			name = Main.storyboard;
			sourceTree = "<group>";
		};
		F8B00D582B166A8D00318229 /* LaunchScreen.storyboard */ = {
			isa = PBXVariantGroup;
			children = (
				F8B00D592B166A8D00318229 /* Base */,
			);
			name = LaunchScreen.storyboard;
			sourceTree = "<group>";
		};
/* End PBXVariantGroup section */

/* Begin XCBuildConfiguration section */
		F8B00D722B166A8D00318229 /* Debug */ = {
			isa = XCBuildConfiguration;
			buildSettings = {
				ALWAYS_SEARCH_USER_PATHS = NO;
				ASSETCATALOG_COMPILER_GENERATE_SWIFT_ASSET_SYMBOL_EXTENSIONS = YES;
				CLANG_ANALYZER_NONNULL = YES;
				CLANG_ANALYZER_NUMBER_OBJECT_CONVERSION = YES_AGGRESSIVE;
				CLANG_CXX_LANGUAGE_STANDARD = "gnu++20";
				CLANG_ENABLE_MODULES = YES;
				CLANG_ENABLE_OBJC_ARC = YES;
				CLANG_ENABLE_OBJC_WEAK = YES;
				CLANG_WARN_BLOCK_CAPTURE_AUTORELEASING = YES;
				CLANG_WARN_BOOL_CONVERSION = YES;
				CLANG_WARN_COMMA = YES;
				CLANG_WARN_CONSTANT_CONVERSION = YES;
				CLANG_WARN_DEPRECATED_OBJC_IMPLEMENTATIONS = YES;
				CLANG_WARN_DIRECT_OBJC_ISA_USAGE = YES_ERROR;
				CLANG_WARN_DOCUMENTATION_COMMENTS = YES;
				CLANG_WARN_EMPTY_BODY = YES;
				CLANG_WARN_ENUM_CONVERSION = YES;
				CLANG_WARN_INFINITE_RECURSION = YES;
				CLANG_WARN_INT_CONVERSION = YES;
				CLANG_WARN_NON_LITERAL_NULL_CONVERSION = YES;
				CLANG_WARN_OBJC_IMPLICIT_RETAIN_SELF = YES;
				CLANG_WARN_OBJC_LITERAL_CONVERSION = YES;
				CLANG_WARN_OBJC_ROOT_CLASS = YES_ERROR;
				CLANG_WARN_QUOTED_INCLUDE_IN_FRAMEWORK_HEADER = YES;
				CLANG_WARN_RANGE_LOOP_ANALYSIS = YES;
				CLANG_WARN_STRICT_PROTOTYPES = YES;
				CLANG_WARN_SUSPICIOUS_MOVE = YES;
				CLANG_WARN_UNGUARDED_AVAILABILITY = YES_AGGRESSIVE;
				CLANG_WARN_UNREACHABLE_CODE = YES;
				CLANG_WARN__DUPLICATE_METHOD_MATCH = YES;
				COPY_PHASE_STRIP = NO;
				DEBUG_INFORMATION_FORMAT = dwarf;
				ENABLE_STRICT_OBJC_MSGSEND = YES;
				ENABLE_TESTABILITY = YES;
				ENABLE_USER_SCRIPT_SANDBOXING = YES;
				GCC_C_LANGUAGE_STANDARD = gnu17;
				GCC_DYNAMIC_NO_PIC = NO;
				GCC_NO_COMMON_BLOCKS = YES;
				GCC_OPTIMIZATION_LEVEL = 0;
				GCC_PREPROCESSOR_DEFINITIONS = (
					"DEBUG=1",
					"$(inherited)",
				);
				GCC_WARN_64_TO_32_BIT_CONVERSION = YES;
				GCC_WARN_ABOUT_RETURN_TYPE = YES_ERROR;
				GCC_WARN_UNDECLARED_SELECTOR = YES;
				GCC_WARN_UNINITIALIZED_AUTOS = YES_AGGRESSIVE;
				GCC_WARN_UNUSED_FUNCTION = YES;
				GCC_WARN_UNUSED_VARIABLE = YES;
				IPHONEOS_DEPLOYMENT_TARGET = 17.0;
				LOCALIZATION_PREFERS_STRING_CATALOGS = YES;
				MTL_ENABLE_DEBUG_INFO = INCLUDE_SOURCE;
				MTL_FAST_MATH = YES;
				ONLY_ACTIVE_ARCH = YES;
				SDKROOT = iphoneos;
				SWIFT_ACTIVE_COMPILATION_CONDITIONS = "DEBUG $(inherited)";
				SWIFT_OPTIMIZATION_LEVEL = "-Onone";
			};
			name = Debug;
		};
		F8B00D732B166A8D00318229 /* Release */ = {
			isa = XCBuildConfiguration;
			buildSettings = {
				ALWAYS_SEARCH_USER_PATHS = NO;
				ASSETCATALOG_COMPILER_GENERATE_SWIFT_ASSET_SYMBOL_EXTENSIONS = YES;
				CLANG_ANALYZER_NONNULL = YES;
				CLANG_ANALYZER_NUMBER_OBJECT_CONVERSION = YES_AGGRESSIVE;
				CLANG_CXX_LANGUAGE_STANDARD = "gnu++20";
				CLANG_ENABLE_MODULES = YES;
				CLANG_ENABLE_OBJC_ARC = YES;
				CLANG_ENABLE_OBJC_WEAK = YES;
				CLANG_WARN_BLOCK_CAPTURE_AUTORELEASING = YES;
				CLANG_WARN_BOOL_CONVERSION = YES;
				CLANG_WARN_COMMA = YES;
				CLANG_WARN_CONSTANT_CONVERSION = YES;
				CLANG_WARN_DEPRECATED_OBJC_IMPLEMENTATIONS = YES;
				CLANG_WARN_DIRECT_OBJC_ISA_USAGE = YES_ERROR;
				CLANG_WARN_DOCUMENTATION_COMMENTS = YES;
				CLANG_WARN_EMPTY_BODY = YES;
				CLANG_WARN_ENUM_CONVERSION = YES;
				CLANG_WARN_INFINITE_RECURSION = YES;
				CLANG_WARN_INT_CONVERSION = YES;
				CLANG_WARN_NON_LITERAL_NULL_CONVERSION = YES;
				CLANG_WARN_OBJC_IMPLICIT_RETAIN_SELF = YES;
				CLANG_WARN_OBJC_LITERAL_CONVERSION = YES;
				CLANG_WARN_OBJC_ROOT_CLASS = YES_ERROR;
				CLANG_WARN_QUOTED_INCLUDE_IN_FRAMEWORK_HEADER = YES;
				CLANG_WARN_RANGE_LOOP_ANALYSIS = YES;
				CLANG_WARN_STRICT_PROTOTYPES = YES;
				CLANG_WARN_SUSPICIOUS_MOVE = YES;
				CLANG_WARN_UNGUARDED_AVAILABILITY = YES_AGGRESSIVE;
				CLANG_WARN_UNREACHABLE_CODE = YES;
				CLANG_WARN__DUPLICATE_METHOD_MATCH = YES;
				COPY_PHASE_STRIP = NO;
				DEBUG_INFORMATION_FORMAT = "dwarf-with-dsym";
				ENABLE_NS_ASSERTIONS = NO;
				ENABLE_STRICT_OBJC_MSGSEND = YES;
				ENABLE_USER_SCRIPT_SANDBOXING = YES;
				GCC_C_LANGUAGE_STANDARD = gnu17;
				GCC_NO_COMMON_BLOCKS = YES;
				GCC_WARN_64_TO_32_BIT_CONVERSION = YES;
				GCC_WARN_ABOUT_RETURN_TYPE = YES_ERROR;
				GCC_WARN_UNDECLARED_SELECTOR = YES;
				GCC_WARN_UNINITIALIZED_AUTOS = YES_AGGRESSIVE;
				GCC_WARN_UNUSED_FUNCTION = YES;
				GCC_WARN_UNUSED_VARIABLE = YES;
				IPHONEOS_DEPLOYMENT_TARGET = 17.0;
				LOCALIZATION_PREFERS_STRING_CATALOGS = YES;
				MTL_ENABLE_DEBUG_INFO = NO;
				MTL_FAST_MATH = YES;
				SDKROOT = iphoneos;
				SWIFT_COMPILATION_MODE = wholemodule;
				VALIDATE_PRODUCT = YES;
			};
			name = Release;
		};
		F8B00D752B166A8D00318229 /* Debug */ = {
			isa = XCBuildConfiguration;
			buildSettings = {
				ASSETCATALOG_COMPILER_APPICON_NAME = AppIcon;
				ASSETCATALOG_COMPILER_GLOBAL_ACCENT_COLOR_NAME = AccentColor;
				CODE_SIGN_STYLE = Automatic;
				CURRENT_PROJECT_VERSION = 1;
				GENERATE_INFOPLIST_FILE = YES;
				INFOPLIST_FILE = Layman_Dictionary/Info.plist;
				INFOPLIST_KEY_UIApplicationSupportsIndirectInputEvents = YES;
				INFOPLIST_KEY_UILaunchStoryboardName = LaunchScreen;
				INFOPLIST_KEY_UIMainStoryboardFile = Main;
				INFOPLIST_KEY_UISupportedInterfaceOrientations_iPad = "UIInterfaceOrientationPortrait UIInterfaceOrientationPortraitUpsideDown UIInterfaceOrientationLandscapeLeft UIInterfaceOrientationLandscapeRight";
				INFOPLIST_KEY_UISupportedInterfaceOrientations_iPhone = "UIInterfaceOrientationPortrait UIInterfaceOrientationLandscapeLeft UIInterfaceOrientationLandscapeRight";
				IPHONEOS_DEPLOYMENT_TARGET = 15.5;
				LD_RUNPATH_SEARCH_PATHS = (
					"$(inherited)",
					"@executable_path/Frameworks",
				);
				MARKETING_VERSION = 1.0;
				PRODUCT_BUNDLE_IDENTIFIER = "nwmsu.Layman-Dictionary";
				PRODUCT_NAME = "$(TARGET_NAME)";
				SWIFT_EMIT_LOC_STRINGS = YES;
				SWIFT_VERSION = 5.0;
				TARGETED_DEVICE_FAMILY = "1,2";
			};
			name = Debug;
		};
		F8B00D762B166A8D00318229 /* Release */ = {
			isa = XCBuildConfiguration;
			buildSettings = {
				ASSETCATALOG_COMPILER_APPICON_NAME = AppIcon;
				ASSETCATALOG_COMPILER_GLOBAL_ACCENT_COLOR_NAME = AccentColor;
				CODE_SIGN_STYLE = Automatic;
				CURRENT_PROJECT_VERSION = 1;
				GENERATE_INFOPLIST_FILE = YES;
				INFOPLIST_FILE = Layman_Dictionary/Info.plist;
				INFOPLIST_KEY_UIApplicationSupportsIndirectInputEvents = YES;
				INFOPLIST_KEY_UILaunchStoryboardName = LaunchScreen;
				INFOPLIST_KEY_UIMainStoryboardFile = Main;
				INFOPLIST_KEY_UISupportedInterfaceOrientations_iPad = "UIInterfaceOrientationPortrait UIInterfaceOrientationPortraitUpsideDown UIInterfaceOrientationLandscapeLeft UIInterfaceOrientationLandscapeRight";
				INFOPLIST_KEY_UISupportedInterfaceOrientations_iPhone = "UIInterfaceOrientationPortrait UIInterfaceOrientationLandscapeLeft UIInterfaceOrientationLandscapeRight";
				IPHONEOS_DEPLOYMENT_TARGET = 15.5;
				LD_RUNPATH_SEARCH_PATHS = (
					"$(inherited)",
					"@executable_path/Frameworks",
				);
				MARKETING_VERSION = 1.0;
				PRODUCT_BUNDLE_IDENTIFIER = "nwmsu.Layman-Dictionary";
				PRODUCT_NAME = "$(TARGET_NAME)";
				SWIFT_EMIT_LOC_STRINGS = YES;
				SWIFT_VERSION = 5.0;
				TARGETED_DEVICE_FAMILY = "1,2";
			};
			name = Release;
		};
		F8B00D782B166A8D00318229 /* Debug */ = {
			isa = XCBuildConfiguration;
			buildSettings = {
				ALWAYS_EMBED_SWIFT_STANDARD_LIBRARIES = YES;
				BUNDLE_LOADER = "$(TEST_HOST)";
				CODE_SIGN_STYLE = Automatic;
				CURRENT_PROJECT_VERSION = 1;
				GENERATE_INFOPLIST_FILE = YES;
				IPHONEOS_DEPLOYMENT_TARGET = 17.0;
				MARKETING_VERSION = 1.0;
				PRODUCT_BUNDLE_IDENTIFIER = "nwmsu.Layman-DictionaryTests";
				PRODUCT_NAME = "$(TARGET_NAME)";
				SWIFT_EMIT_LOC_STRINGS = NO;
				SWIFT_VERSION = 5.0;
				TARGETED_DEVICE_FAMILY = "1,2";
				TEST_HOST = "$(BUILT_PRODUCTS_DIR)/Layman_Dictionary.app/$(BUNDLE_EXECUTABLE_FOLDER_PATH)/Layman_Dictionary";
			};
			name = Debug;
		};
		F8B00D792B166A8D00318229 /* Release */ = {
			isa = XCBuildConfiguration;
			buildSettings = {
				ALWAYS_EMBED_SWIFT_STANDARD_LIBRARIES = YES;
				BUNDLE_LOADER = "$(TEST_HOST)";
				CODE_SIGN_STYLE = Automatic;
				CURRENT_PROJECT_VERSION = 1;
				GENERATE_INFOPLIST_FILE = YES;
				IPHONEOS_DEPLOYMENT_TARGET = 17.0;
				MARKETING_VERSION = 1.0;
				PRODUCT_BUNDLE_IDENTIFIER = "nwmsu.Layman-DictionaryTests";
				PRODUCT_NAME = "$(TARGET_NAME)";
				SWIFT_EMIT_LOC_STRINGS = NO;
				SWIFT_VERSION = 5.0;
				TARGETED_DEVICE_FAMILY = "1,2";
				TEST_HOST = "$(BUILT_PRODUCTS_DIR)/Layman_Dictionary.app/$(BUNDLE_EXECUTABLE_FOLDER_PATH)/Layman_Dictionary";
			};
			name = Release;
		};
		F8B00D7B2B166A8D00318229 /* Debug */ = {
			isa = XCBuildConfiguration;
			buildSettings = {
				ALWAYS_EMBED_SWIFT_STANDARD_LIBRARIES = YES;
				CODE_SIGN_STYLE = Automatic;
				CURRENT_PROJECT_VERSION = 1;
				GENERATE_INFOPLIST_FILE = YES;
				MARKETING_VERSION = 1.0;
				PRODUCT_BUNDLE_IDENTIFIER = "nwmsu.Layman-DictionaryUITests";
				PRODUCT_NAME = "$(TARGET_NAME)";
				SWIFT_EMIT_LOC_STRINGS = NO;
				SWIFT_VERSION = 5.0;
				TARGETED_DEVICE_FAMILY = "1,2";
				TEST_TARGET_NAME = Layman_Dictionary;
			};
			name = Debug;
		};
		F8B00D7C2B166A8D00318229 /* Release */ = {
			isa = XCBuildConfiguration;
			buildSettings = {
				ALWAYS_EMBED_SWIFT_STANDARD_LIBRARIES = YES;
				CODE_SIGN_STYLE = Automatic;
				CURRENT_PROJECT_VERSION = 1;
				GENERATE_INFOPLIST_FILE = YES;
				MARKETING_VERSION = 1.0;
				PRODUCT_BUNDLE_IDENTIFIER = "nwmsu.Layman-DictionaryUITests";
				PRODUCT_NAME = "$(TARGET_NAME)";
				SWIFT_EMIT_LOC_STRINGS = NO;
				SWIFT_VERSION = 5.0;
				TARGETED_DEVICE_FAMILY = "1,2";
				TEST_TARGET_NAME = Layman_Dictionary;
			};
			name = Release;
		};
/* End XCBuildConfiguration section */

/* Begin XCConfigurationList section */
		F8B00D452B166A8C00318229 /* Build configuration list for PBXProject "Layman_Dictionary" */ = {
			isa = XCConfigurationList;
			buildConfigurations = (
				F8B00D722B166A8D00318229 /* Debug */,
				F8B00D732B166A8D00318229 /* Release */,
			);
			defaultConfigurationIsVisible = 0;
			defaultConfigurationName = Release;
		};
		F8B00D742B166A8D00318229 /* Build configuration list for PBXNativeTarget "Layman_Dictionary" */ = {
			isa = XCConfigurationList;
			buildConfigurations = (
				F8B00D752B166A8D00318229 /* Debug */,
				F8B00D762B166A8D00318229 /* Release */,
			);
			defaultConfigurationIsVisible = 0;
			defaultConfigurationName = Release;
		};
		F8B00D772B166A8D00318229 /* Build configuration list for PBXNativeTarget "Layman_DictionaryTests" */ = {
			isa = XCConfigurationList;
			buildConfigurations = (
				F8B00D782B166A8D00318229 /* Debug */,
				F8B00D792B166A8D00318229 /* Release */,
			);
			defaultConfigurationIsVisible = 0;
			defaultConfigurationName = Release;
		};
		F8B00D7A2B166A8D00318229 /* Build configuration list for PBXNativeTarget "Layman_DictionaryUITests" */ = {
			isa = XCConfigurationList;
			buildConfigurations = (
				F8B00D7B2B166A8D00318229 /* Debug */,
				F8B00D7C2B166A8D00318229 /* Release */,
			);
			defaultConfigurationIsVisible = 0;
			defaultConfigurationName = Release;
		};
/* End XCConfigurationList section */
	};
	rootObject = F8B00D422B166A8C00318229 /* Project object */;
}
