// !$*UTF8*$!
{
	archiveVersion = 1;
	classes = {
	};
	objectVersion = 55;
	objects = {

/* Begin PBXBuildFile section */
		7B19520B29D602CA003D7F81 /* AppDelegate.swift in Sources */ = {isa = PBXBuildFile; fileRef = 7B19520A29D602CA003D7F81 /* AppDelegate.swift */; };
		7B19520D29D602CA003D7F81 /* SceneDelegate.swift in Sources */ = {isa = PBXBuildFile; fileRef = 7B19520C29D602CA003D7F81 /* SceneDelegate.swift */; };
		7B19520F29D602CA003D7F81 /* ViewController.swift in Sources */ = {isa = PBXBuildFile; fileRef = 7B19520E29D602CA003D7F81 /* ViewController.swift */; };
		7B19521229D602CA003D7F81 /* Main.storyboard in Resources */ = {isa = PBXBuildFile; fileRef = 7B19521029D602CA003D7F81 /* Main.storyboard */; };
		7B19521429D602D3003D7F81 /* Assets.xcassets in Resources */ = {isa = PBXBuildFile; fileRef = 7B19521329D602D3003D7F81 /* Assets.xcassets */; };
		7B19521729D602D3003D7F81 /* LaunchScreen.storyboard in Resources */ = {isa = PBXBuildFile; fileRef = 7B19521529D602D3003D7F81 /* LaunchScreen.storyboard */; };
		7B19522229D602D4003D7F81 /* McClintock_WordGuessTests.swift in Sources */ = {isa = PBXBuildFile; fileRef = 7B19522129D602D4003D7F81 /* McClintock_WordGuessTests.swift */; };
		7B19522C29D602D4003D7F81 /* McClintock_WordGuessUITests.swift in Sources */ = {isa = PBXBuildFile; fileRef = 7B19522B29D602D4003D7F81 /* McClintock_WordGuessUITests.swift */; };
		7B19522E29D602D4003D7F81 /* McClintock_WordGuessUITestsLaunchTests.swift in Sources */ = {isa = PBXBuildFile; fileRef = 7B19522D29D602D4003D7F81 /* McClintock_WordGuessUITestsLaunchTests.swift */; };
/* End PBXBuildFile section */

/* Begin PBXContainerItemProxy section */
		7B19521E29D602D4003D7F81 /* PBXContainerItemProxy */ = {
			isa = PBXContainerItemProxy;
			containerPortal = 7B1951FF29D602CA003D7F81 /* Project object */;
			proxyType = 1;
			remoteGlobalIDString = 7B19520629D602CA003D7F81;
			remoteInfo = McClintock_WordGuess;
		};
		7B19522829D602D4003D7F81 /* PBXContainerItemProxy */ = {
			isa = PBXContainerItemProxy;
			containerPortal = 7B1951FF29D602CA003D7F81 /* Project object */;
			proxyType = 1;
			remoteGlobalIDString = 7B19520629D602CA003D7F81;
			remoteInfo = McClintock_WordGuess;
		};
/* End PBXContainerItemProxy section */

/* Begin PBXFileReference section */
		7B19520729D602CA003D7F81 /* McClintock_WordGuess.app */ = {isa = PBXFileReference; explicitFileType = wrapper.application; includeInIndex = 0; path = McClintock_WordGuess.app; sourceTree = BUILT_PRODUCTS_DIR; };
		7B19520A29D602CA003D7F81 /* AppDelegate.swift */ = {isa = PBXFileReference; lastKnownFileType = sourcecode.swift; path = AppDelegate.swift; sourceTree = "<group>"; };
		7B19520C29D602CA003D7F81 /* SceneDelegate.swift */ = {isa = PBXFileReference; lastKnownFileType = sourcecode.swift; path = SceneDelegate.swift; sourceTree = "<group>"; };
		7B19520E29D602CA003D7F81 /* ViewController.swift */ = {isa = PBXFileReference; lastKnownFileType = sourcecode.swift; path = ViewController.swift; sourceTree = "<group>"; };
		7B19521129D602CA003D7F81 /* Base */ = {isa = PBXFileReference; lastKnownFileType = file.storyboard; name = Base; path = Base.lproj/Main.storyboard; sourceTree = "<group>"; };
		7B19521329D602D3003D7F81 /* Assets.xcassets */ = {isa = PBXFileReference; lastKnownFileType = folder.assetcatalog; path = Assets.xcassets; sourceTree = "<group>"; };
		7B19521629D602D3003D7F81 /* Base */ = {isa = PBXFileReference; lastKnownFileType = file.storyboard; name = Base; path = Base.lproj/LaunchScreen.storyboard; sourceTree = "<group>"; };
		7B19521829D602D3003D7F81 /* Info.plist */ = {isa = PBXFileReference; lastKnownFileType = text.plist.xml; path = Info.plist; sourceTree = "<group>"; };
		7B19521D29D602D4003D7F81 /* McClintock_WordGuessTests.xctest */ = {isa = PBXFileReference; explicitFileType = wrapper.cfbundle; includeInIndex = 0; path = McClintock_WordGuessTests.xctest; sourceTree = BUILT_PRODUCTS_DIR; };
		7B19522129D602D4003D7F81 /* McClintock_WordGuessTests.swift */ = {isa = PBXFileReference; lastKnownFileType = sourcecode.swift; path = McClintock_WordGuessTests.swift; sourceTree = "<group>"; };
		7B19522729D602D4003D7F81 /* McClintock_WordGuessUITests.xctest */ = {isa = PBXFileReference; explicitFileType = wrapper.cfbundle; includeInIndex = 0; path = McClintock_WordGuessUITests.xctest; sourceTree = BUILT_PRODUCTS_DIR; };
		7B19522B29D602D4003D7F81 /* McClintock_WordGuessUITests.swift */ = {isa = PBXFileReference; lastKnownFileType = sourcecode.swift; path = McClintock_WordGuessUITests.swift; sourceTree = "<group>"; };
		7B19522D29D602D4003D7F81 /* McClintock_WordGuessUITestsLaunchTests.swift */ = {isa = PBXFileReference; lastKnownFileType = sourcecode.swift; path = McClintock_WordGuessUITestsLaunchTests.swift; sourceTree = "<group>"; };
/* End PBXFileReference section */

/* Begin PBXFrameworksBuildPhase section */
		7B19520429D602CA003D7F81 /* Frameworks */ = {
			isa = PBXFrameworksBuildPhase;
			buildActionMask = 2147483647;
			files = (
			);
			runOnlyForDeploymentPostprocessing = 0;
		};
		7B19521A29D602D4003D7F81 /* Frameworks */ = {
			isa = PBXFrameworksBuildPhase;
			buildActionMask = 2147483647;
			files = (
			);
			runOnlyForDeploymentPostprocessing = 0;
		};
		7B19522429D602D4003D7F81 /* Frameworks */ = {
			isa = PBXFrameworksBuildPhase;
			buildActionMask = 2147483647;
			files = (
			);
			runOnlyForDeploymentPostprocessing = 0;
		};
/* End PBXFrameworksBuildPhase section */

/* Begin PBXGroup section */
		7B1951FE29D602CA003D7F81 = {
			isa = PBXGroup;
			children = (
				7B19520929D602CA003D7F81 /* McClintock_WordGuess */,
				7B19522029D602D4003D7F81 /* McClintock_WordGuessTests */,
				7B19522A29D602D4003D7F81 /* McClintock_WordGuessUITests */,
				7B19520829D602CA003D7F81 /* Products */,
			);
			sourceTree = "<group>";
		};
		7B19520829D602CA003D7F81 /* Products */ = {
			isa = PBXGroup;
			children = (
				7B19520729D602CA003D7F81 /* McClintock_WordGuess.app */,
				7B19521D29D602D4003D7F81 /* McClintock_WordGuessTests.xctest */,
				7B19522729D602D4003D7F81 /* McClintock_WordGuessUITests.xctest */,
			);
			name = Products;
			sourceTree = "<group>";
		};
		7B19520929D602CA003D7F81 /* McClintock_WordGuess */ = {
			isa = PBXGroup;
			children = (
				7B19520A29D602CA003D7F81 /* AppDelegate.swift */,
				7B19520C29D602CA003D7F81 /* SceneDelegate.swift */,
				7B19520E29D602CA003D7F81 /* ViewController.swift */,
				7B19521029D602CA003D7F81 /* Main.storyboard */,
				7B19521329D602D3003D7F81 /* Assets.xcassets */,
				7B19521529D602D3003D7F81 /* LaunchScreen.storyboard */,
				7B19521829D602D3003D7F81 /* Info.plist */,
			);
			path = McClintock_WordGuess;
			sourceTree = "<group>";
		};
		7B19522029D602D4003D7F81 /* McClintock_WordGuessTests */ = {
			isa = PBXGroup;
			children = (
				7B19522129D602D4003D7F81 /* McClintock_WordGuessTests.swift */,
			);
			path = McClintock_WordGuessTests;
			sourceTree = "<group>";
		};
		7B19522A29D602D4003D7F81 /* McClintock_WordGuessUITests */ = {
			isa = PBXGroup;
			children = (
				7B19522B29D602D4003D7F81 /* McClintock_WordGuessUITests.swift */,
				7B19522D29D602D4003D7F81 /* McClintock_WordGuessUITestsLaunchTests.swift */,
			);
			path = McClintock_WordGuessUITests;
			sourceTree = "<group>";
		};
/* End PBXGroup section */

/* Begin PBXNativeTarget section */
		7B19520629D602CA003D7F81 /* McClintock_WordGuess */ = {
			isa = PBXNativeTarget;
			buildConfigurationList = 7B19523129D602D4003D7F81 /* Build configuration list for PBXNativeTarget "McClintock_WordGuess" */;
			buildPhases = (
				7B19520329D602CA003D7F81 /* Sources */,
				7B19520429D602CA003D7F81 /* Frameworks */,
				7B19520529D602CA003D7F81 /* Resources */,
			);
			buildRules = (
			);
			dependencies = (
			);
			name = McClintock_WordGuess;
			productName = McClintock_WordGuess;
			productReference = 7B19520729D602CA003D7F81 /* McClintock_WordGuess.app */;
			productType = "com.apple.product-type.application";
		};
		7B19521C29D602D4003D7F81 /* McClintock_WordGuessTests */ = {
			isa = PBXNativeTarget;
			buildConfigurationList = 7B19523429D602D4003D7F81 /* Build configuration list for PBXNativeTarget "McClintock_WordGuessTests" */;
			buildPhases = (
				7B19521929D602D4003D7F81 /* Sources */,
				7B19521A29D602D4003D7F81 /* Frameworks */,
				7B19521B29D602D4003D7F81 /* Resources */,
			);
			buildRules = (
			);
			dependencies = (
				7B19521F29D602D4003D7F81 /* PBXTargetDependency */,
			);
			name = McClintock_WordGuessTests;
			productName = McClintock_WordGuessTests;
			productReference = 7B19521D29D602D4003D7F81 /* McClintock_WordGuessTests.xctest */;
			productType = "com.apple.product-type.bundle.unit-test";
		};
		7B19522629D602D4003D7F81 /* McClintock_WordGuessUITests */ = {
			isa = PBXNativeTarget;
			buildConfigurationList = 7B19523729D602D4003D7F81 /* Build configuration list for PBXNativeTarget "McClintock_WordGuessUITests" */;
			buildPhases = (
				7B19522329D602D4003D7F81 /* Sources */,
				7B19522429D602D4003D7F81 /* Frameworks */,
				7B19522529D602D4003D7F81 /* Resources */,
			);
			buildRules = (
			);
			dependencies = (
				7B19522929D602D4003D7F81 /* PBXTargetDependency */,
			);
			name = McClintock_WordGuessUITests;
			productName = McClintock_WordGuessUITests;
			productReference = 7B19522729D602D4003D7F81 /* McClintock_WordGuessUITests.xctest */;
			productType = "com.apple.product-type.bundle.ui-testing";
		};
/* End PBXNativeTarget section */

/* Begin PBXProject section */
		7B1951FF29D602CA003D7F81 /* Project object */ = {
			isa = PBXProject;
			attributes = {
				BuildIndependentTargetsInParallel = 1;
				LastSwiftUpdateCheck = 1400;
				LastUpgradeCheck = 1400;
				TargetAttributes = {
					7B19520629D602CA003D7F81 = {
						CreatedOnToolsVersion = 14.0;
					};
					7B19521C29D602D4003D7F81 = {
						CreatedOnToolsVersion = 14.0;
						TestTargetID = 7B19520629D602CA003D7F81;
					};
					7B19522629D602D4003D7F81 = {
						CreatedOnToolsVersion = 14.0;
						TestTargetID = 7B19520629D602CA003D7F81;
					};
				};
			};
			buildConfigurationList = 7B19520229D602CA003D7F81 /* Build configuration list for PBXProject "McClintock_WordGuess" */;
			compatibilityVersion = "Xcode 13.0";
			developmentRegion = en;
			hasScannedForEncodings = 0;
			knownRegions = (
				en,
				Base,
			);
			mainGroup = 7B1951FE29D602CA003D7F81;
			productRefGroup = 7B19520829D602CA003D7F81 /* Products */;
			projectDirPath = "";
			projectRoot = "";
			targets = (
				7B19520629D602CA003D7F81 /* McClintock_WordGuess */,
				7B19521C29D602D4003D7F81 /* McClintock_WordGuessTests */,
				7B19522629D602D4003D7F81 /* McClintock_WordGuessUITests */,
			);
		};
/* End PBXProject section */

/* Begin PBXResourcesBuildPhase section */
		7B19520529D602CA003D7F81 /* Resources */ = {
			isa = PBXResourcesBuildPhase;
			buildActionMask = 2147483647;
			files = (
				7B19521729D602D3003D7F81 /* LaunchScreen.storyboard in Resources */,
				7B19521429D602D3003D7F81 /* Assets.xcassets in Resources */,
				7B19521229D602CA003D7F81 /* Main.storyboard in Resources */,
			);
			runOnlyForDeploymentPostprocessing = 0;
		};
		7B19521B29D602D4003D7F81 /* Resources */ = {
			isa = PBXResourcesBuildPhase;
			buildActionMask = 2147483647;
			files = (
			);
			runOnlyForDeploymentPostprocessing = 0;
		};
		7B19522529D602D4003D7F81 /* Resources */ = {
			isa = PBXResourcesBuildPhase;
			buildActionMask = 2147483647;
			files = (
			);
			runOnlyForDeploymentPostprocessing = 0;
		};
/* End PBXResourcesBuildPhase section */

/* Begin PBXSourcesBuildPhase section */
		7B19520329D602CA003D7F81 /* Sources */ = {
			isa = PBXSourcesBuildPhase;
			buildActionMask = 2147483647;
			files = (
				7B19520F29D602CA003D7F81 /* ViewController.swift in Sources */,
				7B19520B29D602CA003D7F81 /* AppDelegate.swift in Sources */,
				7B19520D29D602CA003D7F81 /* SceneDelegate.swift in Sources */,
			);
			runOnlyForDeploymentPostprocessing = 0;
		};
		7B19521929D602D4003D7F81 /* Sources */ = {
			isa = PBXSourcesBuildPhase;
			buildActionMask = 2147483647;
			files = (
				7B19522229D602D4003D7F81 /* McClintock_WordGuessTests.swift in Sources */,
			);
			runOnlyForDeploymentPostprocessing = 0;
		};
		7B19522329D602D4003D7F81 /* Sources */ = {
			isa = PBXSourcesBuildPhase;
			buildActionMask = 2147483647;
			files = (
				7B19522C29D602D4003D7F81 /* McClintock_WordGuessUITests.swift in Sources */,
				7B19522E29D602D4003D7F81 /* McClintock_WordGuessUITestsLaunchTests.swift in Sources */,
			);
			runOnlyForDeploymentPostprocessing = 0;
		};
/* End PBXSourcesBuildPhase section */

/* Begin PBXTargetDependency section */
		7B19521F29D602D4003D7F81 /* PBXTargetDependency */ = {
			isa = PBXTargetDependency;
			target = 7B19520629D602CA003D7F81 /* McClintock_WordGuess */;
			targetProxy = 7B19521E29D602D4003D7F81 /* PBXContainerItemProxy */;
		};
		7B19522929D602D4003D7F81 /* PBXTargetDependency */ = {
			isa = PBXTargetDependency;
			target = 7B19520629D602CA003D7F81 /* McClintock_WordGuess */;
			targetProxy = 7B19522829D602D4003D7F81 /* PBXContainerItemProxy */;
		};
/* End PBXTargetDependency section */

/* Begin PBXVariantGroup section */
		7B19521029D602CA003D7F81 /* Main.storyboard */ = {
			isa = PBXVariantGroup;
			children = (
				7B19521129D602CA003D7F81 /* Base */,
			);
			name = Main.storyboard;
			sourceTree = "<group>";
		};
		7B19521529D602D3003D7F81 /* LaunchScreen.storyboard */ = {
			isa = PBXVariantGroup;
			children = (
				7B19521629D602D3003D7F81 /* Base */,
			);
			name = LaunchScreen.storyboard;
			sourceTree = "<group>";
		};
/* End PBXVariantGroup section */

/* Begin XCBuildConfiguration section */
		7B19522F29D602D4003D7F81 /* Debug */ = {
			isa = XCBuildConfiguration;
			buildSettings = {
				ALWAYS_SEARCH_USER_PATHS = NO;
				CLANG_ANALYZER_NONNULL = YES;
				CLANG_ANALYZER_NUMBER_OBJECT_CONVERSION = YES_AGGRESSIVE;
				CLANG_CXX_LANGUAGE_STANDARD = "gnu++20";
				CLANG_ENABLE_MODULES = YES;
				CLANG_ENABLE_OBJC_ARC = YES;
				CLANG_ENABLE_OBJC_WEAK = YES;
				CLANG_WARN_BLOCK_CAPTURE_AUTORELEASING = YES;
				CLANG_WARN_BOOL_CONVERSION = YES;
				CLANG_WARN_COMMA = YES;
				CLANG_WARN_CONSTANT_CONVERSION = YES;
				CLANG_WARN_DEPRECATED_OBJC_IMPLEMENTATIONS = YES;
				CLANG_WARN_DIRECT_OBJC_ISA_USAGE = YES_ERROR;
				CLANG_WARN_DOCUMENTATION_COMMENTS = YES;
				CLANG_WARN_EMPTY_BODY = YES;
				CLANG_WARN_ENUM_CONVERSION = YES;
				CLANG_WARN_INFINITE_RECURSION = YES;
				CLANG_WARN_INT_CONVERSION = YES;
				CLANG_WARN_NON_LITERAL_NULL_CONVERSION = YES;
				CLANG_WARN_OBJC_IMPLICIT_RETAIN_SELF = YES;
				CLANG_WARN_OBJC_LITERAL_CONVERSION = YES;
				CLANG_WARN_OBJC_ROOT_CLASS = YES_ERROR;
				CLANG_WARN_QUOTED_INCLUDE_IN_FRAMEWORK_HEADER = YES;
				CLANG_WARN_RANGE_LOOP_ANALYSIS = YES;
				CLANG_WARN_STRICT_PROTOTYPES = YES;
				CLANG_WARN_SUSPICIOUS_MOVE = YES;
				CLANG_WARN_UNGUARDED_AVAILABILITY = YES_AGGRESSIVE;
				CLANG_WARN_UNREACHABLE_CODE = YES;
				CLANG_WARN__DUPLICATE_METHOD_MATCH = YES;
				COPY_PHASE_STRIP = NO;
				DEBUG_INFORMATION_FORMAT = dwarf;
				ENABLE_STRICT_OBJC_MSGSEND = YES;
				ENABLE_TESTABILITY = YES;
				GCC_C_LANGUAGE_STANDARD = gnu11;
				GCC_DYNAMIC_NO_PIC = NO;
				GCC_NO_COMMON_BLOCKS = YES;
				GCC_OPTIMIZATION_LEVEL = 0;
				GCC_PREPROCESSOR_DEFINITIONS = (
					"DEBUG=1",
					"$(inherited)",
				);
				GCC_WARN_64_TO_32_BIT_CONVERSION = YES;
				GCC_WARN_ABOUT_RETURN_TYPE = YES_ERROR;
				GCC_WARN_UNDECLARED_SELECTOR = YES;
				GCC_WARN_UNINITIALIZED_AUTOS = YES_AGGRESSIVE;
				GCC_WARN_UNUSED_FUNCTION = YES;
				GCC_WARN_UNUSED_VARIABLE = YES;
				IPHONEOS_DEPLOYMENT_TARGET = 16.0;
				MTL_ENABLE_DEBUG_INFO = INCLUDE_SOURCE;
				MTL_FAST_MATH = YES;
				ONLY_ACTIVE_ARCH = YES;
				SDKROOT = iphoneos;
				SWIFT_ACTIVE_COMPILATION_CONDITIONS = DEBUG;
				SWIFT_OPTIMIZATION_LEVEL = "-Onone";
			};
			name = Debug;
		};
		7B19523029D602D4003D7F81 /* Release */ = {
			isa = XCBuildConfiguration;
			buildSettings = {
				ALWAYS_SEARCH_USER_PATHS = NO;
				CLANG_ANALYZER_NONNULL = YES;
				CLANG_ANALYZER_NUMBER_OBJECT_CONVERSION = YES_AGGRESSIVE;
				CLANG_CXX_LANGUAGE_STANDARD = "gnu++20";
				CLANG_ENABLE_MODULES = YES;
				CLANG_ENABLE_OBJC_ARC = YES;
				CLANG_ENABLE_OBJC_WEAK = YES;
				CLANG_WARN_BLOCK_CAPTURE_AUTORELEASING = YES;
				CLANG_WARN_BOOL_CONVERSION = YES;
				CLANG_WARN_COMMA = YES;
				CLANG_WARN_CONSTANT_CONVERSION = YES;
				CLANG_WARN_DEPRECATED_OBJC_IMPLEMENTATIONS = YES;
				CLANG_WARN_DIRECT_OBJC_ISA_USAGE = YES_ERROR;
				CLANG_WARN_DOCUMENTATION_COMMENTS = YES;
				CLANG_WARN_EMPTY_BODY = YES;
				CLANG_WARN_ENUM_CONVERSION = YES;
				CLANG_WARN_INFINITE_RECURSION = YES;
				CLANG_WARN_INT_CONVERSION = YES;
				CLANG_WARN_NON_LITERAL_NULL_CONVERSION = YES;
				CLANG_WARN_OBJC_IMPLICIT_RETAIN_SELF = YES;
				CLANG_WARN_OBJC_LITERAL_CONVERSION = YES;
				CLANG_WARN_OBJC_ROOT_CLASS = YES_ERROR;
				CLANG_WARN_QUOTED_INCLUDE_IN_FRAMEWORK_HEADER = YES;
				CLANG_WARN_RANGE_LOOP_ANALYSIS = YES;
				CLANG_WARN_STRICT_PROTOTYPES = YES;
				CLANG_WARN_SUSPICIOUS_MOVE = YES;
				CLANG_WARN_UNGUARDED_AVAILABILITY = YES_AGGRESSIVE;
				CLANG_WARN_UNREACHABLE_CODE = YES;
				CLANG_WARN__DUPLICATE_METHOD_MATCH = YES;
				COPY_PHASE_STRIP = NO;
				DEBUG_INFORMATION_FORMAT = "dwarf-with-dsym";
				ENABLE_NS_ASSERTIONS = NO;
				ENABLE_STRICT_OBJC_MSGSEND = YES;
				GCC_C_LANGUAGE_STANDARD = gnu11;
				GCC_NO_COMMON_BLOCKS = YES;
				GCC_WARN_64_TO_32_BIT_CONVERSION = YES;
				GCC_WARN_ABOUT_RETURN_TYPE = YES_ERROR;
				GCC_WARN_UNDECLARED_SELECTOR = YES;
				GCC_WARN_UNINITIALIZED_AUTOS = YES_AGGRESSIVE;
				GCC_WARN_UNUSED_FUNCTION = YES;
				GCC_WARN_UNUSED_VARIABLE = YES;
				IPHONEOS_DEPLOYMENT_TARGET = 16.0;
				MTL_ENABLE_DEBUG_INFO = NO;
				MTL_FAST_MATH = YES;
				SDKROOT = iphoneos;
				SWIFT_COMPILATION_MODE = wholemodule;
				SWIFT_OPTIMIZATION_LEVEL = "-O";
				VALIDATE_PRODUCT = YES;
			};
			name = Release;
		};
		7B19523229D602D4003D7F81 /* Debug */ = {
			isa = XCBuildConfiguration;
			buildSettings = {
				ASSETCATALOG_COMPILER_APPICON_NAME = AppIcon;
				ASSETCATALOG_COMPILER_GLOBAL_ACCENT_COLOR_NAME = AccentColor;
				CODE_SIGN_STYLE = Automatic;
				CURRENT_PROJECT_VERSION = 1;
				GENERATE_INFOPLIST_FILE = YES;
				INFOPLIST_FILE = McClintock_WordGuess/Info.plist;
				INFOPLIST_KEY_UIApplicationSupportsIndirectInputEvents = YES;
				INFOPLIST_KEY_UILaunchStoryboardName = LaunchScreen;
				INFOPLIST_KEY_UIMainStoryboardFile = Main;
				INFOPLIST_KEY_UISupportedInterfaceOrientations_iPad = "UIInterfaceOrientationPortrait UIInterfaceOrientationPortraitUpsideDown UIInterfaceOrientationLandscapeLeft UIInterfaceOrientationLandscapeRight";
				INFOPLIST_KEY_UISupportedInterfaceOrientations_iPhone = "UIInterfaceOrientationPortrait UIInterfaceOrientationLandscapeLeft UIInterfaceOrientationLandscapeRight";
				IPHONEOS_DEPLOYMENT_TARGET = 15.0;
				LD_RUNPATH_SEARCH_PATHS = (
					"$(inherited)",
					"@executable_path/Frameworks",
				);
				MARKETING_VERSION = 1.0;
				PRODUCT_BUNDLE_IDENTIFIER = "nwmsu.McClintock-WordGuess";
				PRODUCT_NAME = "$(TARGET_NAME)";
				SWIFT_EMIT_LOC_STRINGS = YES;
				SWIFT_VERSION = 5.0;
				TARGETED_DEVICE_FAMILY = "1,2";
			};
			name = Debug;
		};
		7B19523329D602D4003D7F81 /* Release */ = {
			isa = XCBuildConfiguration;
			buildSettings = {
				ASSETCATALOG_COMPILER_APPICON_NAME = AppIcon;
				ASSETCATALOG_COMPILER_GLOBAL_ACCENT_COLOR_NAME = AccentColor;
				CODE_SIGN_STYLE = Automatic;
				CURRENT_PROJECT_VERSION = 1;
				GENERATE_INFOPLIST_FILE = YES;
				INFOPLIST_FILE = McClintock_WordGuess/Info.plist;
				INFOPLIST_KEY_UIApplicationSupportsIndirectInputEvents = YES;
				INFOPLIST_KEY_UILaunchStoryboardName = LaunchScreen;
				INFOPLIST_KEY_UIMainStoryboardFile = Main;
				INFOPLIST_KEY_UISupportedInterfaceOrientations_iPad = "UIInterfaceOrientationPortrait UIInterfaceOrientationPortraitUpsideDown UIInterfaceOrientationLandscapeLeft UIInterfaceOrientationLandscapeRight";
				INFOPLIST_KEY_UISupportedInterfaceOrientations_iPhone = "UIInterfaceOrientationPortrait UIInterfaceOrientationLandscapeLeft UIInterfaceOrientationLandscapeRight";
				IPHONEOS_DEPLOYMENT_TARGET = 15.0;
				LD_RUNPATH_SEARCH_PATHS = (
					"$(inherited)",
					"@executable_path/Frameworks",
				);
				MARKETING_VERSION = 1.0;
				PRODUCT_BUNDLE_IDENTIFIER = "nwmsu.McClintock-WordGuess";
				PRODUCT_NAME = "$(TARGET_NAME)";
				SWIFT_EMIT_LOC_STRINGS = YES;
				SWIFT_VERSION = 5.0;
				TARGETED_DEVICE_FAMILY = "1,2";
			};
			name = Release;
		};
		7B19523529D602D4003D7F81 /* Debug */ = {
			isa = XCBuildConfiguration;
			buildSettings = {
				ALWAYS_EMBED_SWIFT_STANDARD_LIBRARIES = YES;
				BUNDLE_LOADER = "$(TEST_HOST)";
				CODE_SIGN_STYLE = Automatic;
				CURRENT_PROJECT_VERSION = 1;
				GENERATE_INFOPLIST_FILE = YES;
				IPHONEOS_DEPLOYMENT_TARGET = 16.0;
				MARKETING_VERSION = 1.0;
				PRODUCT_BUNDLE_IDENTIFIER = "nwmsu.McClintock-WordGuessTests";
				PRODUCT_NAME = "$(TARGET_NAME)";
				SWIFT_EMIT_LOC_STRINGS = NO;
				SWIFT_VERSION = 5.0;
				TARGETED_DEVICE_FAMILY = "1,2";
				TEST_HOST = "$(BUILT_PRODUCTS_DIR)/McClintock_WordGuess.app/$(BUNDLE_EXECUTABLE_FOLDER_PATH)/McClintock_WordGuess";
			};
			name = Debug;
		};
		7B19523629D602D4003D7F81 /* Release */ = {
			isa = XCBuildConfiguration;
			buildSettings = {
				ALWAYS_EMBED_SWIFT_STANDARD_LIBRARIES = YES;
				BUNDLE_LOADER = "$(TEST_HOST)";
				CODE_SIGN_STYLE = Automatic;
				CURRENT_PROJECT_VERSION = 1;
				GENERATE_INFOPLIST_FILE = YES;
				IPHONEOS_DEPLOYMENT_TARGET = 16.0;
				MARKETING_VERSION = 1.0;
				PRODUCT_BUNDLE_IDENTIFIER = "nwmsu.McClintock-WordGuessTests";
				PRODUCT_NAME = "$(TARGET_NAME)";
				SWIFT_EMIT_LOC_STRINGS = NO;
				SWIFT_VERSION = 5.0;
				TARGETED_DEVICE_FAMILY = "1,2";
				TEST_HOST = "$(BUILT_PRODUCTS_DIR)/McClintock_WordGuess.app/$(BUNDLE_EXECUTABLE_FOLDER_PATH)/McClintock_WordGuess";
			};
			name = Release;
		};
		7B19523829D602D4003D7F81 /* Debug */ = {
			isa = XCBuildConfiguration;
			buildSettings = {
				ALWAYS_EMBED_SWIFT_STANDARD_LIBRARIES = YES;
				CODE_SIGN_STYLE = Automatic;
				CURRENT_PROJECT_VERSION = 1;
				GENERATE_INFOPLIST_FILE = YES;
				MARKETING_VERSION = 1.0;
				PRODUCT_BUNDLE_IDENTIFIER = "nwmsu.McClintock-WordGuessUITests";
				PRODUCT_NAME = "$(TARGET_NAME)";
				SWIFT_EMIT_LOC_STRINGS = NO;
				SWIFT_VERSION = 5.0;
				TARGETED_DEVICE_FAMILY = "1,2";
				TEST_TARGET_NAME = McClintock_WordGuess;
			};
			name = Debug;
		};
		7B19523929D602D4003D7F81 /* Release */ = {
			isa = XCBuildConfiguration;
			buildSettings = {
				ALWAYS_EMBED_SWIFT_STANDARD_LIBRARIES = YES;
				CODE_SIGN_STYLE = Automatic;
				CURRENT_PROJECT_VERSION = 1;
				GENERATE_INFOPLIST_FILE = YES;
				MARKETING_VERSION = 1.0;
				PRODUCT_BUNDLE_IDENTIFIER = "nwmsu.McClintock-WordGuessUITests";
				PRODUCT_NAME = "$(TARGET_NAME)";
				SWIFT_EMIT_LOC_STRINGS = NO;
				SWIFT_VERSION = 5.0;
				TARGETED_DEVICE_FAMILY = "1,2";
				TEST_TARGET_NAME = McClintock_WordGuess;
			};
			name = Release;
		};
/* End XCBuildConfiguration section */

/* Begin XCConfigurationList section */
		7B19520229D602CA003D7F81 /* Build configuration list for PBXProject "McClintock_WordGuess" */ = {
			isa = XCConfigurationList;
			buildConfigurations = (
				7B19522F29D602D4003D7F81 /* Debug */,
				7B19523029D602D4003D7F81 /* Release */,
			);
			defaultConfigurationIsVisible = 0;
			defaultConfigurationName = Release;
		};
		7B19523129D602D4003D7F81 /* Build configuration list for PBXNativeTarget "McClintock_WordGuess" */ = {
			isa = XCConfigurationList;
			buildConfigurations = (
				7B19523229D602D4003D7F81 /* Debug */,
				7B19523329D602D4003D7F81 /* Release */,
			);
			defaultConfigurationIsVisible = 0;
			defaultConfigurationName = Release;
		};
		7B19523429D602D4003D7F81 /* Build configuration list for PBXNativeTarget "McClintock_WordGuessTests" */ = {
			isa = XCConfigurationList;
			buildConfigurations = (
				7B19523529D602D4003D7F81 /* Debug */,
				7B19523629D602D4003D7F81 /* Release */,
			);
			defaultConfigurationIsVisible = 0;
			defaultConfigurationName = Release;
		};
		7B19523729D602D4003D7F81 /* Build configuration list for PBXNativeTarget "McClintock_WordGuessUITests" */ = {
			isa = XCConfigurationList;
			buildConfigurations = (
				7B19523829D602D4003D7F81 /* Debug */,
				7B19523929D602D4003D7F81 /* Release */,
			);
			defaultConfigurationIsVisible = 0;
			defaultConfigurationName = Release;
		};
/* End XCConfigurationList section */
	};
	rootObject = 7B1951FF29D602CA003D7F81 /* Project object */;
}
