// !$*UTF8*$!
{
	archiveVersion = 1;
	classes = {
	};
	objectVersion = 56;
	objects = {

/* Begin PBXBuildFile section */
		F84C17702AF1F6BB0011C3B7 /* AppDelegate.swift in Sources */ = {isa = PBXBuildFile; fileRef = F84C176F2AF1F6BB0011C3B7 /* AppDelegate.swift */; };
		F84C17722AF1F6BB0011C3B7 /* SceneDelegate.swift in Sources */ = {isa = PBXBuildFile; fileRef = F84C17712AF1F6BB0011C3B7 /* SceneDelegate.swift */; };
		F84C17742AF1F6BB0011C3B7 /* ViewController.swift in Sources */ = {isa = PBXBuildFile; fileRef = F84C17732AF1F6BB0011C3B7 /* ViewController.swift */; };
		F84C17772AF1F6BB0011C3B7 /* Main.storyboard in Resources */ = {isa = PBXBuildFile; fileRef = F84C17752AF1F6BB0011C3B7 /* Main.storyboard */; };
		F84C17792AF1F6BC0011C3B7 /* Assets.xcassets in Resources */ = {isa = PBXBuildFile; fileRef = F84C17782AF1F6BC0011C3B7 /* Assets.xcassets */; };
		F84C177C2AF1F6BC0011C3B7 /* LaunchScreen.storyboard in Resources */ = {isa = PBXBuildFile; fileRef = F84C177A2AF1F6BC0011C3B7 /* LaunchScreen.storyboard */; };
		F84C17872AF1F6BC0011C3B7 /* Layman_SearchAppTests.swift in Sources */ = {isa = PBXBuildFile; fileRef = F84C17862AF1F6BC0011C3B7 /* Layman_SearchAppTests.swift */; };
		F84C17912AF1F6BC0011C3B7 /* Layman_SearchAppUITests.swift in Sources */ = {isa = PBXBuildFile; fileRef = F84C17902AF1F6BC0011C3B7 /* Layman_SearchAppUITests.swift */; };
		F84C17932AF1F6BC0011C3B7 /* Layman_SearchAppUITestsLaunchTests.swift in Sources */ = {isa = PBXBuildFile; fileRef = F84C17922AF1F6BC0011C3B7 /* Layman_SearchAppUITestsLaunchTests.swift */; };
/* End PBXBuildFile section */

/* Begin PBXContainerItemProxy section */
		F84C17832AF1F6BC0011C3B7 /* PBXContainerItemProxy */ = {
			isa = PBXContainerItemProxy;
			containerPortal = F84C17642AF1F6BB0011C3B7 /* Project object */;
			proxyType = 1;
			remoteGlobalIDString = F84C176B2AF1F6BB0011C3B7;
			remoteInfo = Layman_SearchApp;
		};
		F84C178D2AF1F6BC0011C3B7 /* PBXContainerItemProxy */ = {
			isa = PBXContainerItemProxy;
			containerPortal = F84C17642AF1F6BB0011C3B7 /* Project object */;
			proxyType = 1;
			remoteGlobalIDString = F84C176B2AF1F6BB0011C3B7;
			remoteInfo = Layman_SearchApp;
		};
/* End PBXContainerItemProxy section */

/* Begin PBXFileReference section */
		F84C176C2AF1F6BB0011C3B7 /* Layman_SearchApp.app */ = {isa = PBXFileReference; explicitFileType = wrapper.application; includeInIndex = 0; path = Layman_SearchApp.app; sourceTree = BUILT_PRODUCTS_DIR; };
		F84C176F2AF1F6BB0011C3B7 /* AppDelegate.swift */ = {isa = PBXFileReference; lastKnownFileType = sourcecode.swift; path = AppDelegate.swift; sourceTree = "<group>"; };
		F84C17712AF1F6BB0011C3B7 /* SceneDelegate.swift */ = {isa = PBXFileReference; lastKnownFileType = sourcecode.swift; path = SceneDelegate.swift; sourceTree = "<group>"; };
		F84C17732AF1F6BB0011C3B7 /* ViewController.swift */ = {isa = PBXFileReference; lastKnownFileType = sourcecode.swift; path = ViewController.swift; sourceTree = "<group>"; };
		F84C17762AF1F6BB0011C3B7 /* Base */ = {isa = PBXFileReference; lastKnownFileType = file.storyboard; name = Base; path = Base.lproj/Main.storyboard; sourceTree = "<group>"; };
		F84C17782AF1F6BC0011C3B7 /* Assets.xcassets */ = {isa = PBXFileReference; lastKnownFileType = folder.assetcatalog; path = Assets.xcassets; sourceTree = "<group>"; };
		F84C177B2AF1F6BC0011C3B7 /* Base */ = {isa = PBXFileReference; lastKnownFileType = file.storyboard; name = Base; path = Base.lproj/LaunchScreen.storyboard; sourceTree = "<group>"; };
		F84C177D2AF1F6BC0011C3B7 /* Info.plist */ = {isa = PBXFileReference; lastKnownFileType = text.plist.xml; path = Info.plist; sourceTree = "<group>"; };
		F84C17822AF1F6BC0011C3B7 /* Layman_SearchAppTests.xctest */ = {isa = PBXFileReference; explicitFileType = wrapper.cfbundle; includeInIndex = 0; path = Layman_SearchAppTests.xctest; sourceTree = BUILT_PRODUCTS_DIR; };
		F84C17862AF1F6BC0011C3B7 /* Layman_SearchAppTests.swift */ = {isa = PBXFileReference; lastKnownFileType = sourcecode.swift; path = Layman_SearchAppTests.swift; sourceTree = "<group>"; };
		F84C178C2AF1F6BC0011C3B7 /* Layman_SearchAppUITests.xctest */ = {isa = PBXFileReference; explicitFileType = wrapper.cfbundle; includeInIndex = 0; path = Layman_SearchAppUITests.xctest; sourceTree = BUILT_PRODUCTS_DIR; };
		F84C17902AF1F6BC0011C3B7 /* Layman_SearchAppUITests.swift */ = {isa = PBXFileReference; lastKnownFileType = sourcecode.swift; path = Layman_SearchAppUITests.swift; sourceTree = "<group>"; };
		F84C17922AF1F6BC0011C3B7 /* Layman_SearchAppUITestsLaunchTests.swift */ = {isa = PBXFileReference; lastKnownFileType = sourcecode.swift; path = Layman_SearchAppUITestsLaunchTests.swift; sourceTree = "<group>"; };
/* End PBXFileReference section */

/* Begin PBXFrameworksBuildPhase section */
		F84C17692AF1F6BB0011C3B7 /* Frameworks */ = {
			isa = PBXFrameworksBuildPhase;
			buildActionMask = 2147483647;
			files = (
			);
			runOnlyForDeploymentPostprocessing = 0;
		};
		F84C177F2AF1F6BC0011C3B7 /* Frameworks */ = {
			isa = PBXFrameworksBuildPhase;
			buildActionMask = 2147483647;
			files = (
			);
			runOnlyForDeploymentPostprocessing = 0;
		};
		F84C17892AF1F6BC0011C3B7 /* Frameworks */ = {
			isa = PBXFrameworksBuildPhase;
			buildActionMask = 2147483647;
			files = (
			);
			runOnlyForDeploymentPostprocessing = 0;
		};
/* End PBXFrameworksBuildPhase section */

/* Begin PBXGroup section */
		F84C17632AF1F6BB0011C3B7 = {
			isa = PBXGroup;
			children = (
				F84C176E2AF1F6BB0011C3B7 /* Layman_SearchApp */,
				F84C17852AF1F6BC0011C3B7 /* Layman_SearchAppTests */,
				F84C178F2AF1F6BC0011C3B7 /* Layman_SearchAppUITests */,
				F84C176D2AF1F6BB0011C3B7 /* Products */,
			);
			sourceTree = "<group>";
		};
		F84C176D2AF1F6BB0011C3B7 /* Products */ = {
			isa = PBXGroup;
			children = (
				F84C176C2AF1F6BB0011C3B7 /* Layman_SearchApp.app */,
				F84C17822AF1F6BC0011C3B7 /* Layman_SearchAppTests.xctest */,
				F84C178C2AF1F6BC0011C3B7 /* Layman_SearchAppUITests.xctest */,
			);
			name = Products;
			sourceTree = "<group>";
		};
		F84C176E2AF1F6BB0011C3B7 /* Layman_SearchApp */ = {
			isa = PBXGroup;
			children = (
				F84C176F2AF1F6BB0011C3B7 /* AppDelegate.swift */,
				F84C17712AF1F6BB0011C3B7 /* SceneDelegate.swift */,
				F84C17732AF1F6BB0011C3B7 /* ViewController.swift */,
				F84C17752AF1F6BB0011C3B7 /* Main.storyboard */,
				F84C17782AF1F6BC0011C3B7 /* Assets.xcassets */,
				F84C177A2AF1F6BC0011C3B7 /* LaunchScreen.storyboard */,
				F84C177D2AF1F6BC0011C3B7 /* Info.plist */,
			);
			path = Layman_SearchApp;
			sourceTree = "<group>";
		};
		F84C17852AF1F6BC0011C3B7 /* Layman_SearchAppTests */ = {
			isa = PBXGroup;
			children = (
				F84C17862AF1F6BC0011C3B7 /* Layman_SearchAppTests.swift */,
			);
			path = Layman_SearchAppTests;
			sourceTree = "<group>";
		};
		F84C178F2AF1F6BC0011C3B7 /* Layman_SearchAppUITests */ = {
			isa = PBXGroup;
			children = (
				F84C17902AF1F6BC0011C3B7 /* Layman_SearchAppUITests.swift */,
				F84C17922AF1F6BC0011C3B7 /* Layman_SearchAppUITestsLaunchTests.swift */,
			);
			path = Layman_SearchAppUITests;
			sourceTree = "<group>";
		};
/* End PBXGroup section */

/* Begin PBXNativeTarget section */
		F84C176B2AF1F6BB0011C3B7 /* Layman_SearchApp */ = {
			isa = PBXNativeTarget;
			buildConfigurationList = F84C17962AF1F6BC0011C3B7 /* Build configuration list for PBXNativeTarget "Layman_SearchApp" */;
			buildPhases = (
				F84C17682AF1F6BB0011C3B7 /* Sources */,
				F84C17692AF1F6BB0011C3B7 /* Frameworks */,
				F84C176A2AF1F6BB0011C3B7 /* Resources */,
			);
			buildRules = (
			);
			dependencies = (
			);
			name = Layman_SearchApp;
			productName = Layman_SearchApp;
			productReference = F84C176C2AF1F6BB0011C3B7 /* Layman_SearchApp.app */;
			productType = "com.apple.product-type.application";
		};
		F84C17812AF1F6BC0011C3B7 /* Layman_SearchAppTests */ = {
			isa = PBXNativeTarget;
			buildConfigurationList = F84C17992AF1F6BC0011C3B7 /* Build configuration list for PBXNativeTarget "Layman_SearchAppTests" */;
			buildPhases = (
				F84C177E2AF1F6BC0011C3B7 /* Sources */,
				F84C177F2AF1F6BC0011C3B7 /* Frameworks */,
				F84C17802AF1F6BC0011C3B7 /* Resources */,
			);
			buildRules = (
			);
			dependencies = (
				F84C17842AF1F6BC0011C3B7 /* PBXTargetDependency */,
			);
			name = Layman_SearchAppTests;
			productName = Layman_SearchAppTests;
			productReference = F84C17822AF1F6BC0011C3B7 /* Layman_SearchAppTests.xctest */;
			productType = "com.apple.product-type.bundle.unit-test";
		};
		F84C178B2AF1F6BC0011C3B7 /* Layman_SearchAppUITests */ = {
			isa = PBXNativeTarget;
			buildConfigurationList = F84C179C2AF1F6BC0011C3B7 /* Build configuration list for PBXNativeTarget "Layman_SearchAppUITests" */;
			buildPhases = (
				F84C17882AF1F6BC0011C3B7 /* Sources */,
				F84C17892AF1F6BC0011C3B7 /* Frameworks */,
				F84C178A2AF1F6BC0011C3B7 /* Resources */,
			);
			buildRules = (
			);
			dependencies = (
				F84C178E2AF1F6BC0011C3B7 /* PBXTargetDependency */,
			);
			name = Layman_SearchAppUITests;
			productName = Layman_SearchAppUITests;
			productReference = F84C178C2AF1F6BC0011C3B7 /* Layman_SearchAppUITests.xctest */;
			productType = "com.apple.product-type.bundle.ui-testing";
		};
/* End PBXNativeTarget section */

/* Begin PBXProject section */
		F84C17642AF1F6BB0011C3B7 /* Project object */ = {
			isa = PBXProject;
			attributes = {
				BuildIndependentTargetsInParallel = 1;
				LastSwiftUpdateCheck = 1500;
				LastUpgradeCheck = 1500;
				TargetAttributes = {
					F84C176B2AF1F6BB0011C3B7 = {
						CreatedOnToolsVersion = 15.0;
					};
					F84C17812AF1F6BC0011C3B7 = {
						CreatedOnToolsVersion = 15.0;
						TestTargetID = F84C176B2AF1F6BB0011C3B7;
					};
					F84C178B2AF1F6BC0011C3B7 = {
						CreatedOnToolsVersion = 15.0;
						TestTargetID = F84C176B2AF1F6BB0011C3B7;
					};
				};
			};
			buildConfigurationList = F84C17672AF1F6BB0011C3B7 /* Build configuration list for PBXProject "Layman_SearchApp" */;
			compatibilityVersion = "Xcode 14.0";
			developmentRegion = en;
			hasScannedForEncodings = 0;
			knownRegions = (
				en,
				Base,
			);
			mainGroup = F84C17632AF1F6BB0011C3B7;
			productRefGroup = F84C176D2AF1F6BB0011C3B7 /* Products */;
			projectDirPath = "";
			projectRoot = "";
			targets = (
				F84C176B2AF1F6BB0011C3B7 /* Layman_SearchApp */,
				F84C17812AF1F6BC0011C3B7 /* Layman_SearchAppTests */,
				F84C178B2AF1F6BC0011C3B7 /* Layman_SearchAppUITests */,
			);
		};
/* End PBXProject section */

/* Begin PBXResourcesBuildPhase section */
		F84C176A2AF1F6BB0011C3B7 /* Resources */ = {
			isa = PBXResourcesBuildPhase;
			buildActionMask = 2147483647;
			files = (
				F84C177C2AF1F6BC0011C3B7 /* LaunchScreen.storyboard in Resources */,
				F84C17792AF1F6BC0011C3B7 /* Assets.xcassets in Resources */,
				F84C17772AF1F6BB0011C3B7 /* Main.storyboard in Resources */,
			);
			runOnlyForDeploymentPostprocessing = 0;
		};
		F84C17802AF1F6BC0011C3B7 /* Resources */ = {
			isa = PBXResourcesBuildPhase;
			buildActionMask = 2147483647;
			files = (
			);
			runOnlyForDeploymentPostprocessing = 0;
		};
		F84C178A2AF1F6BC0011C3B7 /* Resources */ = {
			isa = PBXResourcesBuildPhase;
			buildActionMask = 2147483647;
			files = (
			);
			runOnlyForDeploymentPostprocessing = 0;
		};
/* End PBXResourcesBuildPhase section */

/* Begin PBXSourcesBuildPhase section */
		F84C17682AF1F6BB0011C3B7 /* Sources */ = {
			isa = PBXSourcesBuildPhase;
			buildActionMask = 2147483647;
			files = (
				F84C17742AF1F6BB0011C3B7 /* ViewController.swift in Sources */,
				F84C17702AF1F6BB0011C3B7 /* AppDelegate.swift in Sources */,
				F84C17722AF1F6BB0011C3B7 /* SceneDelegate.swift in Sources */,
			);
			runOnlyForDeploymentPostprocessing = 0;
		};
		F84C177E2AF1F6BC0011C3B7 /* Sources */ = {
			isa = PBXSourcesBuildPhase;
			buildActionMask = 2147483647;
			files = (
				F84C17872AF1F6BC0011C3B7 /* Layman_SearchAppTests.swift in Sources */,
			);
			runOnlyForDeploymentPostprocessing = 0;
		};
		F84C17882AF1F6BC0011C3B7 /* Sources */ = {
			isa = PBXSourcesBuildPhase;
			buildActionMask = 2147483647;
			files = (
				F84C17932AF1F6BC0011C3B7 /* Layman_SearchAppUITestsLaunchTests.swift in Sources */,
				F84C17912AF1F6BC0011C3B7 /* Layman_SearchAppUITests.swift in Sources */,
			);
			runOnlyForDeploymentPostprocessing = 0;
		};
/* End PBXSourcesBuildPhase section */

/* Begin PBXTargetDependency section */
		F84C17842AF1F6BC0011C3B7 /* PBXTargetDependency */ = {
			isa = PBXTargetDependency;
			target = F84C176B2AF1F6BB0011C3B7 /* Layman_SearchApp */;
			targetProxy = F84C17832AF1F6BC0011C3B7 /* PBXContainerItemProxy */;
		};
		F84C178E2AF1F6BC0011C3B7 /* PBXTargetDependency */ = {
			isa = PBXTargetDependency;
			target = F84C176B2AF1F6BB0011C3B7 /* Layman_SearchApp */;
			targetProxy = F84C178D2AF1F6BC0011C3B7 /* PBXContainerItemProxy */;
		};
/* End PBXTargetDependency section */

/* Begin PBXVariantGroup section */
		F84C17752AF1F6BB0011C3B7 /* Main.storyboard */ = {
			isa = PBXVariantGroup;
			children = (
				F84C17762AF1F6BB0011C3B7 /* Base */,
			);
			name = Main.storyboard;
			sourceTree = "<group>";
		};
		F84C177A2AF1F6BC0011C3B7 /* LaunchScreen.storyboard */ = {
			isa = PBXVariantGroup;
			children = (
				F84C177B2AF1F6BC0011C3B7 /* Base */,
			);
			name = LaunchScreen.storyboard;
			sourceTree = "<group>";
		};
/* End PBXVariantGroup section */

/* Begin XCBuildConfiguration section */
		F84C17942AF1F6BC0011C3B7 /* Debug */ = {
			isa = XCBuildConfiguration;
			buildSettings = {
				ALWAYS_SEARCH_USER_PATHS = NO;
				ASSETCATALOG_COMPILER_GENERATE_SWIFT_ASSET_SYMBOL_EXTENSIONS = YES;
				CLANG_ANALYZER_NONNULL = YES;
				CLANG_ANALYZER_NUMBER_OBJECT_CONVERSION = YES_AGGRESSIVE;
				CLANG_CXX_LANGUAGE_STANDARD = "gnu++20";
				CLANG_ENABLE_MODULES = YES;
				CLANG_ENABLE_OBJC_ARC = YES;
				CLANG_ENABLE_OBJC_WEAK = YES;
				CLANG_WARN_BLOCK_CAPTURE_AUTORELEASING = YES;
				CLANG_WARN_BOOL_CONVERSION = YES;
				CLANG_WARN_COMMA = YES;
				CLANG_WARN_CONSTANT_CONVERSION = YES;
				CLANG_WARN_DEPRECATED_OBJC_IMPLEMENTATIONS = YES;
				CLANG_WARN_DIRECT_OBJC_ISA_USAGE = YES_ERROR;
				CLANG_WARN_DOCUMENTATION_COMMENTS = YES;
				CLANG_WARN_EMPTY_BODY = YES;
				CLANG_WARN_ENUM_CONVERSION = YES;
				CLANG_WARN_INFINITE_RECURSION = YES;
				CLANG_WARN_INT_CONVERSION = YES;
				CLANG_WARN_NON_LITERAL_NULL_CONVERSION = YES;
				CLANG_WARN_OBJC_IMPLICIT_RETAIN_SELF = YES;
				CLANG_WARN_OBJC_LITERAL_CONVERSION = YES;
				CLANG_WARN_OBJC_ROOT_CLASS = YES_ERROR;
				CLANG_WARN_QUOTED_INCLUDE_IN_FRAMEWORK_HEADER = YES;
				CLANG_WARN_RANGE_LOOP_ANALYSIS = YES;
				CLANG_WARN_STRICT_PROTOTYPES = YES;
				CLANG_WARN_SUSPICIOUS_MOVE = YES;
				CLANG_WARN_UNGUARDED_AVAILABILITY = YES_AGGRESSIVE;
				CLANG_WARN_UNREACHABLE_CODE = YES;
				CLANG_WARN__DUPLICATE_METHOD_MATCH = YES;
				COPY_PHASE_STRIP = NO;
				DEBUG_INFORMATION_FORMAT = dwarf;
				ENABLE_STRICT_OBJC_MSGSEND = YES;
				ENABLE_TESTABILITY = YES;
				ENABLE_USER_SCRIPT_SANDBOXING = YES;
				GCC_C_LANGUAGE_STANDARD = gnu17;
				GCC_DYNAMIC_NO_PIC = NO;
				GCC_NO_COMMON_BLOCKS = YES;
				GCC_OPTIMIZATION_LEVEL = 0;
				GCC_PREPROCESSOR_DEFINITIONS = (
					"DEBUG=1",
					"$(inherited)",
				);
				GCC_WARN_64_TO_32_BIT_CONVERSION = YES;
				GCC_WARN_ABOUT_RETURN_TYPE = YES_ERROR;
				GCC_WARN_UNDECLARED_SELECTOR = YES;
				GCC_WARN_UNINITIALIZED_AUTOS = YES_AGGRESSIVE;
				GCC_WARN_UNUSED_FUNCTION = YES;
				GCC_WARN_UNUSED_VARIABLE = YES;
				IPHONEOS_DEPLOYMENT_TARGET = 17.0;
				LOCALIZATION_PREFERS_STRING_CATALOGS = YES;
				MTL_ENABLE_DEBUG_INFO = INCLUDE_SOURCE;
				MTL_FAST_MATH = YES;
				ONLY_ACTIVE_ARCH = YES;
				SDKROOT = iphoneos;
				SWIFT_ACTIVE_COMPILATION_CONDITIONS = "DEBUG $(inherited)";
				SWIFT_OPTIMIZATION_LEVEL = "-Onone";
			};
			name = Debug;
		};
		F84C17952AF1F6BC0011C3B7 /* Release */ = {
			isa = XCBuildConfiguration;
			buildSettings = {
				ALWAYS_SEARCH_USER_PATHS = NO;
				ASSETCATALOG_COMPILER_GENERATE_SWIFT_ASSET_SYMBOL_EXTENSIONS = YES;
				CLANG_ANALYZER_NONNULL = YES;
				CLANG_ANALYZER_NUMBER_OBJECT_CONVERSION = YES_AGGRESSIVE;
				CLANG_CXX_LANGUAGE_STANDARD = "gnu++20";
				CLANG_ENABLE_MODULES = YES;
				CLANG_ENABLE_OBJC_ARC = YES;
				CLANG_ENABLE_OBJC_WEAK = YES;
				CLANG_WARN_BLOCK_CAPTURE_AUTORELEASING = YES;
				CLANG_WARN_BOOL_CONVERSION = YES;
				CLANG_WARN_COMMA = YES;
				CLANG_WARN_CONSTANT_CONVERSION = YES;
				CLANG_WARN_DEPRECATED_OBJC_IMPLEMENTATIONS = YES;
				CLANG_WARN_DIRECT_OBJC_ISA_USAGE = YES_ERROR;
				CLANG_WARN_DOCUMENTATION_COMMENTS = YES;
				CLANG_WARN_EMPTY_BODY = YES;
				CLANG_WARN_ENUM_CONVERSION = YES;
				CLANG_WARN_INFINITE_RECURSION = YES;
				CLANG_WARN_INT_CONVERSION = YES;
				CLANG_WARN_NON_LITERAL_NULL_CONVERSION = YES;
				CLANG_WARN_OBJC_IMPLICIT_RETAIN_SELF = YES;
				CLANG_WARN_OBJC_LITERAL_CONVERSION = YES;
				CLANG_WARN_OBJC_ROOT_CLASS = YES_ERROR;
				CLANG_WARN_QUOTED_INCLUDE_IN_FRAMEWORK_HEADER = YES;
				CLANG_WARN_RANGE_LOOP_ANALYSIS = YES;
				CLANG_WARN_STRICT_PROTOTYPES = YES;
				CLANG_WARN_SUSPICIOUS_MOVE = YES;
				CLANG_WARN_UNGUARDED_AVAILABILITY = YES_AGGRESSIVE;
				CLANG_WARN_UNREACHABLE_CODE = YES;
				CLANG_WARN__DUPLICATE_METHOD_MATCH = YES;
				COPY_PHASE_STRIP = NO;
				DEBUG_INFORMATION_FORMAT = "dwarf-with-dsym";
				ENABLE_NS_ASSERTIONS = NO;
				ENABLE_STRICT_OBJC_MSGSEND = YES;
				ENABLE_USER_SCRIPT_SANDBOXING = YES;
				GCC_C_LANGUAGE_STANDARD = gnu17;
				GCC_NO_COMMON_BLOCKS = YES;
				GCC_WARN_64_TO_32_BIT_CONVERSION = YES;
				GCC_WARN_ABOUT_RETURN_TYPE = YES_ERROR;
				GCC_WARN_UNDECLARED_SELECTOR = YES;
				GCC_WARN_UNINITIALIZED_AUTOS = YES_AGGRESSIVE;
				GCC_WARN_UNUSED_FUNCTION = YES;
				GCC_WARN_UNUSED_VARIABLE = YES;
				IPHONEOS_DEPLOYMENT_TARGET = 17.0;
				LOCALIZATION_PREFERS_STRING_CATALOGS = YES;
				MTL_ENABLE_DEBUG_INFO = NO;
				MTL_FAST_MATH = YES;
				SDKROOT = iphoneos;
				SWIFT_COMPILATION_MODE = wholemodule;
				VALIDATE_PRODUCT = YES;
			};
			name = Release;
		};
		F84C17972AF1F6BC0011C3B7 /* Debug */ = {
			isa = XCBuildConfiguration;
			buildSettings = {
				ASSETCATALOG_COMPILER_APPICON_NAME = AppIcon;
				ASSETCATALOG_COMPILER_GLOBAL_ACCENT_COLOR_NAME = AccentColor;
				CODE_SIGN_STYLE = Automatic;
				CURRENT_PROJECT_VERSION = 1;
				GENERATE_INFOPLIST_FILE = YES;
				INFOPLIST_FILE = Layman_SearchApp/Info.plist;
				INFOPLIST_KEY_UIApplicationSupportsIndirectInputEvents = YES;
				INFOPLIST_KEY_UILaunchStoryboardName = LaunchScreen;
				INFOPLIST_KEY_UIMainStoryboardFile = Main;
				INFOPLIST_KEY_UISupportedInterfaceOrientations_iPad = "UIInterfaceOrientationPortrait UIInterfaceOrientationPortraitUpsideDown UIInterfaceOrientationLandscapeLeft UIInterfaceOrientationLandscapeRight";
				INFOPLIST_KEY_UISupportedInterfaceOrientations_iPhone = "UIInterfaceOrientationPortrait UIInterfaceOrientationLandscapeLeft UIInterfaceOrientationLandscapeRight";
				IPHONEOS_DEPLOYMENT_TARGET = 15.5;
				LD_RUNPATH_SEARCH_PATHS = (
					"$(inherited)",
					"@executable_path/Frameworks",
				);
				MARKETING_VERSION = 1.0;
				PRODUCT_BUNDLE_IDENTIFIER = "nwmsu.Layman-SearchApp";
				PRODUCT_NAME = "$(TARGET_NAME)";
				SWIFT_EMIT_LOC_STRINGS = YES;
				SWIFT_VERSION = 5.0;
				TARGETED_DEVICE_FAMILY = "1,2";
			};
			name = Debug;
		};
		F84C17982AF1F6BC0011C3B7 /* Release */ = {
			isa = XCBuildConfiguration;
			buildSettings = {
				ASSETCATALOG_COMPILER_APPICON_NAME = AppIcon;
				ASSETCATALOG_COMPILER_GLOBAL_ACCENT_COLOR_NAME = AccentColor;
				CODE_SIGN_STYLE = Automatic;
				CURRENT_PROJECT_VERSION = 1;
				GENERATE_INFOPLIST_FILE = YES;
				INFOPLIST_FILE = Layman_SearchApp/Info.plist;
				INFOPLIST_KEY_UIApplicationSupportsIndirectInputEvents = YES;
				INFOPLIST_KEY_UILaunchStoryboardName = LaunchScreen;
				INFOPLIST_KEY_UIMainStoryboardFile = Main;
				INFOPLIST_KEY_UISupportedInterfaceOrientations_iPad = "UIInterfaceOrientationPortrait UIInterfaceOrientationPortraitUpsideDown UIInterfaceOrientationLandscapeLeft UIInterfaceOrientationLandscapeRight";
				INFOPLIST_KEY_UISupportedInterfaceOrientations_iPhone = "UIInterfaceOrientationPortrait UIInterfaceOrientationLandscapeLeft UIInterfaceOrientationLandscapeRight";
				IPHONEOS_DEPLOYMENT_TARGET = 15.5;
				LD_RUNPATH_SEARCH_PATHS = (
					"$(inherited)",
					"@executable_path/Frameworks",
				);
				MARKETING_VERSION = 1.0;
				PRODUCT_BUNDLE_IDENTIFIER = "nwmsu.Layman-SearchApp";
				PRODUCT_NAME = "$(TARGET_NAME)";
				SWIFT_EMIT_LOC_STRINGS = YES;
				SWIFT_VERSION = 5.0;
				TARGETED_DEVICE_FAMILY = "1,2";
			};
			name = Release;
		};
		F84C179A2AF1F6BC0011C3B7 /* Debug */ = {
			isa = XCBuildConfiguration;
			buildSettings = {
				ALWAYS_EMBED_SWIFT_STANDARD_LIBRARIES = YES;
				BUNDLE_LOADER = "$(TEST_HOST)";
				CODE_SIGN_STYLE = Automatic;
				CURRENT_PROJECT_VERSION = 1;
				GENERATE_INFOPLIST_FILE = YES;
				IPHONEOS_DEPLOYMENT_TARGET = 17.0;
				MARKETING_VERSION = 1.0;
				PRODUCT_BUNDLE_IDENTIFIER = "nwmsu.Layman-SearchAppTests";
				PRODUCT_NAME = "$(TARGET_NAME)";
				SWIFT_EMIT_LOC_STRINGS = NO;
				SWIFT_VERSION = 5.0;
				TARGETED_DEVICE_FAMILY = "1,2";
				TEST_HOST = "$(BUILT_PRODUCTS_DIR)/Layman_SearchApp.app/$(BUNDLE_EXECUTABLE_FOLDER_PATH)/Layman_SearchApp";
			};
			name = Debug;
		};
		F84C179B2AF1F6BC0011C3B7 /* Release */ = {
			isa = XCBuildConfiguration;
			buildSettings = {
				ALWAYS_EMBED_SWIFT_STANDARD_LIBRARIES = YES;
				BUNDLE_LOADER = "$(TEST_HOST)";
				CODE_SIGN_STYLE = Automatic;
				CURRENT_PROJECT_VERSION = 1;
				GENERATE_INFOPLIST_FILE = YES;
				IPHONEOS_DEPLOYMENT_TARGET = 17.0;
				MARKETING_VERSION = 1.0;
				PRODUCT_BUNDLE_IDENTIFIER = "nwmsu.Layman-SearchAppTests";
				PRODUCT_NAME = "$(TARGET_NAME)";
				SWIFT_EMIT_LOC_STRINGS = NO;
				SWIFT_VERSION = 5.0;
				TARGETED_DEVICE_FAMILY = "1,2";
				TEST_HOST = "$(BUILT_PRODUCTS_DIR)/Layman_SearchApp.app/$(BUNDLE_EXECUTABLE_FOLDER_PATH)/Layman_SearchApp";
			};
			name = Release;
		};
		F84C179D2AF1F6BC0011C3B7 /* Debug */ = {
			isa = XCBuildConfiguration;
			buildSettings = {
				ALWAYS_EMBED_SWIFT_STANDARD_LIBRARIES = YES;
				CODE_SIGN_STYLE = Automatic;
				CURRENT_PROJECT_VERSION = 1;
				GENERATE_INFOPLIST_FILE = YES;
				MARKETING_VERSION = 1.0;
				PRODUCT_BUNDLE_IDENTIFIER = "nwmsu.Layman-SearchAppUITests";
				PRODUCT_NAME = "$(TARGET_NAME)";
				SWIFT_EMIT_LOC_STRINGS = NO;
				SWIFT_VERSION = 5.0;
				TARGETED_DEVICE_FAMILY = "1,2";
				TEST_TARGET_NAME = Layman_SearchApp;
			};
			name = Debug;
		};
		F84C179E2AF1F6BC0011C3B7 /* Release */ = {
			isa = XCBuildConfiguration;
			buildSettings = {
				ALWAYS_EMBED_SWIFT_STANDARD_LIBRARIES = YES;
				CODE_SIGN_STYLE = Automatic;
				CURRENT_PROJECT_VERSION = 1;
				GENERATE_INFOPLIST_FILE = YES;
				MARKETING_VERSION = 1.0;
				PRODUCT_BUNDLE_IDENTIFIER = "nwmsu.Layman-SearchAppUITests";
				PRODUCT_NAME = "$(TARGET_NAME)";
				SWIFT_EMIT_LOC_STRINGS = NO;
				SWIFT_VERSION = 5.0;
				TARGETED_DEVICE_FAMILY = "1,2";
				TEST_TARGET_NAME = Layman_SearchApp;
			};
			name = Release;
		};
/* End XCBuildConfiguration section */

/* Begin XCConfigurationList section */
		F84C17672AF1F6BB0011C3B7 /* Build configuration list for PBXProject "Layman_SearchApp" */ = {
			isa = XCConfigurationList;
			buildConfigurations = (
				F84C17942AF1F6BC0011C3B7 /* Debug */,
				F84C17952AF1F6BC0011C3B7 /* Release */,
			);
			defaultConfigurationIsVisible = 0;
			defaultConfigurationName = Release;
		};
		F84C17962AF1F6BC0011C3B7 /* Build configuration list for PBXNativeTarget "Layman_SearchApp" */ = {
			isa = XCConfigurationList;
			buildConfigurations = (
				F84C17972AF1F6BC0011C3B7 /* Debug */,
				F84C17982AF1F6BC0011C3B7 /* Release */,
			);
			defaultConfigurationIsVisible = 0;
			defaultConfigurationName = Release;
		};
		F84C17992AF1F6BC0011C3B7 /* Build configuration list for PBXNativeTarget "Layman_SearchAppTests" */ = {
			isa = XCConfigurationList;
			buildConfigurations = (
				F84C179A2AF1F6BC0011C3B7 /* Debug */,
				F84C179B2AF1F6BC0011C3B7 /* Release */,
			);
			defaultConfigurationIsVisible = 0;
			defaultConfigurationName = Release;
		};
		F84C179C2AF1F6BC0011C3B7 /* Build configuration list for PBXNativeTarget "Layman_SearchAppUITests" */ = {
			isa = XCConfigurationList;
			buildConfigurations = (
				F84C179D2AF1F6BC0011C3B7 /* Debug */,
				F84C179E2AF1F6BC0011C3B7 /* Release */,
			);
			defaultConfigurationIsVisible = 0;
			defaultConfigurationName = Release;
		};
/* End XCConfigurationList section */
	};
	rootObject = F84C17642AF1F6BB0011C3B7 /* Project object */;
}
