// !$*UTF8*$!
{
	archiveVersion = 1;
	classes = {
	};
	objectVersion = 56;
	objects = {

/* Begin PBXBuildFile section */
		F871CC382AB3911500FA73E2 /* AppDelegate.swift in Sources */ = {isa = PBXBuildFile; fileRef = F871CC372AB3911500FA73E2 /* AppDelegate.swift */; };
		F871CC3A2AB3911500FA73E2 /* SceneDelegate.swift in Sources */ = {isa = PBXBuildFile; fileRef = F871CC392AB3911500FA73E2 /* SceneDelegate.swift */; };
		F871CC3C2AB3911500FA73E2 /* ViewController.swift in Sources */ = {isa = PBXBuildFile; fileRef = F871CC3B2AB3911500FA73E2 /* ViewController.swift */; };
		F871CC3F2AB3911500FA73E2 /* Main.storyboard in Resources */ = {isa = PBXBuildFile; fileRef = F871CC3D2AB3911500FA73E2 /* Main.storyboard */; };
		F871CC412AB3911600FA73E2 /* Assets.xcassets in Resources */ = {isa = PBXBuildFile; fileRef = F871CC402AB3911600FA73E2 /* Assets.xcassets */; };
		F871CC442AB3911600FA73E2 /* LaunchScreen.storyboard in Resources */ = {isa = PBXBuildFile; fileRef = F871CC422AB3911600FA73E2 /* LaunchScreen.storyboard */; };
		F871CC4F2AB3911600FA73E2 /* Layman_Assignment02Tests.swift in Sources */ = {isa = PBXBuildFile; fileRef = F871CC4E2AB3911600FA73E2 /* Layman_Assignment02Tests.swift */; };
		F871CC592AB3911600FA73E2 /* Layman_Assignment02UITests.swift in Sources */ = {isa = PBXBuildFile; fileRef = F871CC582AB3911600FA73E2 /* Layman_Assignment02UITests.swift */; };
		F871CC5B2AB3911600FA73E2 /* Layman_Assignment02UITestsLaunchTests.swift in Sources */ = {isa = PBXBuildFile; fileRef = F871CC5A2AB3911600FA73E2 /* Layman_Assignment02UITestsLaunchTests.swift */; };
/* End PBXBuildFile section */

/* Begin PBXContainerItemProxy section */
		F871CC4B2AB3911600FA73E2 /* PBXContainerItemProxy */ = {
			isa = PBXContainerItemProxy;
			containerPortal = F871CC2C2AB3911500FA73E2 /* Project object */;
			proxyType = 1;
			remoteGlobalIDString = F871CC332AB3911500FA73E2;
			remoteInfo = Layman_Assignment02;
		};
		F871CC552AB3911600FA73E2 /* PBXContainerItemProxy */ = {
			isa = PBXContainerItemProxy;
			containerPortal = F871CC2C2AB3911500FA73E2 /* Project object */;
			proxyType = 1;
			remoteGlobalIDString = F871CC332AB3911500FA73E2;
			remoteInfo = Layman_Assignment02;
		};
/* End PBXContainerItemProxy section */

/* Begin PBXFileReference section */
		F871CC342AB3911500FA73E2 /* Layman_Assignment02.app */ = {isa = PBXFileReference; explicitFileType = wrapper.application; includeInIndex = 0; path = Layman_Assignment02.app; sourceTree = BUILT_PRODUCTS_DIR; };
		F871CC372AB3911500FA73E2 /* AppDelegate.swift */ = {isa = PBXFileReference; lastKnownFileType = sourcecode.swift; path = AppDelegate.swift; sourceTree = "<group>"; };
		F871CC392AB3911500FA73E2 /* SceneDelegate.swift */ = {isa = PBXFileReference; lastKnownFileType = sourcecode.swift; path = SceneDelegate.swift; sourceTree = "<group>"; };
		F871CC3B2AB3911500FA73E2 /* ViewController.swift */ = {isa = PBXFileReference; lastKnownFileType = sourcecode.swift; path = ViewController.swift; sourceTree = "<group>"; };
		F871CC3E2AB3911500FA73E2 /* Base */ = {isa = PBXFileReference; lastKnownFileType = file.storyboard; name = Base; path = Base.lproj/Main.storyboard; sourceTree = "<group>"; };
		F871CC402AB3911600FA73E2 /* Assets.xcassets */ = {isa = PBXFileReference; lastKnownFileType = folder.assetcatalog; path = Assets.xcassets; sourceTree = "<group>"; };
		F871CC432AB3911600FA73E2 /* Base */ = {isa = PBXFileReference; lastKnownFileType = file.storyboard; name = Base; path = Base.lproj/LaunchScreen.storyboard; sourceTree = "<group>"; };
		F871CC452AB3911600FA73E2 /* Info.plist */ = {isa = PBXFileReference; lastKnownFileType = text.plist.xml; path = Info.plist; sourceTree = "<group>"; };
		F871CC4A2AB3911600FA73E2 /* Layman_Assignment02Tests.xctest */ = {isa = PBXFileReference; explicitFileType = wrapper.cfbundle; includeInIndex = 0; path = Layman_Assignment02Tests.xctest; sourceTree = BUILT_PRODUCTS_DIR; };
		F871CC4E2AB3911600FA73E2 /* Layman_Assignment02Tests.swift */ = {isa = PBXFileReference; lastKnownFileType = sourcecode.swift; path = Layman_Assignment02Tests.swift; sourceTree = "<group>"; };
		F871CC542AB3911600FA73E2 /* Layman_Assignment02UITests.xctest */ = {isa = PBXFileReference; explicitFileType = wrapper.cfbundle; includeInIndex = 0; path = Layman_Assignment02UITests.xctest; sourceTree = BUILT_PRODUCTS_DIR; };
		F871CC582AB3911600FA73E2 /* Layman_Assignment02UITests.swift */ = {isa = PBXFileReference; lastKnownFileType = sourcecode.swift; path = Layman_Assignment02UITests.swift; sourceTree = "<group>"; };
		F871CC5A2AB3911600FA73E2 /* Layman_Assignment02UITestsLaunchTests.swift */ = {isa = PBXFileReference; lastKnownFileType = sourcecode.swift; path = Layman_Assignment02UITestsLaunchTests.swift; sourceTree = "<group>"; };
/* End PBXFileReference section */

/* Begin PBXFrameworksBuildPhase section */
		F871CC312AB3911500FA73E2 /* Frameworks */ = {
			isa = PBXFrameworksBuildPhase;
			buildActionMask = 2147483647;
			files = (
			);
			runOnlyForDeploymentPostprocessing = 0;
		};
		F871CC472AB3911600FA73E2 /* Frameworks */ = {
			isa = PBXFrameworksBuildPhase;
			buildActionMask = 2147483647;
			files = (
			);
			runOnlyForDeploymentPostprocessing = 0;
		};
		F871CC512AB3911600FA73E2 /* Frameworks */ = {
			isa = PBXFrameworksBuildPhase;
			buildActionMask = 2147483647;
			files = (
			);
			runOnlyForDeploymentPostprocessing = 0;
		};
/* End PBXFrameworksBuildPhase section */

/* Begin PBXGroup section */
		F871CC2B2AB3911500FA73E2 = {
			isa = PBXGroup;
			children = (
				F871CC362AB3911500FA73E2 /* Layman_Assignment02 */,
				F871CC4D2AB3911600FA73E2 /* Layman_Assignment02Tests */,
				F871CC572AB3911600FA73E2 /* Layman_Assignment02UITests */,
				F871CC352AB3911500FA73E2 /* Products */,
			);
			sourceTree = "<group>";
		};
		F871CC352AB3911500FA73E2 /* Products */ = {
			isa = PBXGroup;
			children = (
				F871CC342AB3911500FA73E2 /* Layman_Assignment02.app */,
				F871CC4A2AB3911600FA73E2 /* Layman_Assignment02Tests.xctest */,
				F871CC542AB3911600FA73E2 /* Layman_Assignment02UITests.xctest */,
			);
			name = Products;
			sourceTree = "<group>";
		};
		F871CC362AB3911500FA73E2 /* Layman_Assignment02 */ = {
			isa = PBXGroup;
			children = (
				F871CC372AB3911500FA73E2 /* AppDelegate.swift */,
				F871CC392AB3911500FA73E2 /* SceneDelegate.swift */,
				F871CC3B2AB3911500FA73E2 /* ViewController.swift */,
				F871CC3D2AB3911500FA73E2 /* Main.storyboard */,
				F871CC402AB3911600FA73E2 /* Assets.xcassets */,
				F871CC422AB3911600FA73E2 /* LaunchScreen.storyboard */,
				F871CC452AB3911600FA73E2 /* Info.plist */,
			);
			path = Layman_Assignment02;
			sourceTree = "<group>";
		};
		F871CC4D2AB3911600FA73E2 /* Layman_Assignment02Tests */ = {
			isa = PBXGroup;
			children = (
				F871CC4E2AB3911600FA73E2 /* Layman_Assignment02Tests.swift */,
			);
			path = Layman_Assignment02Tests;
			sourceTree = "<group>";
		};
		F871CC572AB3911600FA73E2 /* Layman_Assignment02UITests */ = {
			isa = PBXGroup;
			children = (
				F871CC582AB3911600FA73E2 /* Layman_Assignment02UITests.swift */,
				F871CC5A2AB3911600FA73E2 /* Layman_Assignment02UITestsLaunchTests.swift */,
			);
			path = Layman_Assignment02UITests;
			sourceTree = "<group>";
		};
/* End PBXGroup section */

/* Begin PBXNativeTarget section */
		F871CC332AB3911500FA73E2 /* Layman_Assignment02 */ = {
			isa = PBXNativeTarget;
			buildConfigurationList = F871CC5E2AB3911600FA73E2 /* Build configuration list for PBXNativeTarget "Layman_Assignment02" */;
			buildPhases = (
				F871CC302AB3911500FA73E2 /* Sources */,
				F871CC312AB3911500FA73E2 /* Frameworks */,
				F871CC322AB3911500FA73E2 /* Resources */,
			);
			buildRules = (
			);
			dependencies = (
			);
			name = Layman_Assignment02;
			productName = Layman_Assignment02;
			productReference = F871CC342AB3911500FA73E2 /* Layman_Assignment02.app */;
			productType = "com.apple.product-type.application";
		};
		F871CC492AB3911600FA73E2 /* Layman_Assignment02Tests */ = {
			isa = PBXNativeTarget;
			buildConfigurationList = F871CC612AB3911600FA73E2 /* Build configuration list for PBXNativeTarget "Layman_Assignment02Tests" */;
			buildPhases = (
				F871CC462AB3911600FA73E2 /* Sources */,
				F871CC472AB3911600FA73E2 /* Frameworks */,
				F871CC482AB3911600FA73E2 /* Resources */,
			);
			buildRules = (
			);
			dependencies = (
				F871CC4C2AB3911600FA73E2 /* PBXTargetDependency */,
			);
			name = Layman_Assignment02Tests;
			productName = Layman_Assignment02Tests;
			productReference = F871CC4A2AB3911600FA73E2 /* Layman_Assignment02Tests.xctest */;
			productType = "com.apple.product-type.bundle.unit-test";
		};
		F871CC532AB3911600FA73E2 /* Layman_Assignment02UITests */ = {
			isa = PBXNativeTarget;
			buildConfigurationList = F871CC642AB3911600FA73E2 /* Build configuration list for PBXNativeTarget "Layman_Assignment02UITests" */;
			buildPhases = (
				F871CC502AB3911600FA73E2 /* Sources */,
				F871CC512AB3911600FA73E2 /* Frameworks */,
				F871CC522AB3911600FA73E2 /* Resources */,
			);
			buildRules = (
			);
			dependencies = (
				F871CC562AB3911600FA73E2 /* PBXTargetDependency */,
			);
			name = Layman_Assignment02UITests;
			productName = Layman_Assignment02UITests;
			productReference = F871CC542AB3911600FA73E2 /* Layman_Assignment02UITests.xctest */;
			productType = "com.apple.product-type.bundle.ui-testing";
		};
/* End PBXNativeTarget section */

/* Begin PBXProject section */
		F871CC2C2AB3911500FA73E2 /* Project object */ = {
			isa = PBXProject;
			attributes = {
				BuildIndependentTargetsInParallel = 1;
				LastSwiftUpdateCheck = 1430;
				LastUpgradeCheck = 1430;
				TargetAttributes = {
					F871CC332AB3911500FA73E2 = {
						CreatedOnToolsVersion = 14.3.1;
					};
					F871CC492AB3911600FA73E2 = {
						CreatedOnToolsVersion = 14.3.1;
						TestTargetID = F871CC332AB3911500FA73E2;
					};
					F871CC532AB3911600FA73E2 = {
						CreatedOnToolsVersion = 14.3.1;
						TestTargetID = F871CC332AB3911500FA73E2;
					};
				};
			};
			buildConfigurationList = F871CC2F2AB3911500FA73E2 /* Build configuration list for PBXProject "Layman_Assignment02" */;
			compatibilityVersion = "Xcode 14.0";
			developmentRegion = en;
			hasScannedForEncodings = 0;
			knownRegions = (
				en,
				Base,
			);
			mainGroup = F871CC2B2AB3911500FA73E2;
			productRefGroup = F871CC352AB3911500FA73E2 /* Products */;
			projectDirPath = "";
			projectRoot = "";
			targets = (
				F871CC332AB3911500FA73E2 /* Layman_Assignment02 */,
				F871CC492AB3911600FA73E2 /* Layman_Assignment02Tests */,
				F871CC532AB3911600FA73E2 /* Layman_Assignment02UITests */,
			);
		};
/* End PBXProject section */

/* Begin PBXResourcesBuildPhase section */
		F871CC322AB3911500FA73E2 /* Resources */ = {
			isa = PBXResourcesBuildPhase;
			buildActionMask = 2147483647;
			files = (
				F871CC442AB3911600FA73E2 /* LaunchScreen.storyboard in Resources */,
				F871CC412AB3911600FA73E2 /* Assets.xcassets in Resources */,
				F871CC3F2AB3911500FA73E2 /* Main.storyboard in Resources */,
			);
			runOnlyForDeploymentPostprocessing = 0;
		};
		F871CC482AB3911600FA73E2 /* Resources */ = {
			isa = PBXResourcesBuildPhase;
			buildActionMask = 2147483647;
			files = (
			);
			runOnlyForDeploymentPostprocessing = 0;
		};
		F871CC522AB3911600FA73E2 /* Resources */ = {
			isa = PBXResourcesBuildPhase;
			buildActionMask = 2147483647;
			files = (
			);
			runOnlyForDeploymentPostprocessing = 0;
		};
/* End PBXResourcesBuildPhase section */

/* Begin PBXSourcesBuildPhase section */
		F871CC302AB3911500FA73E2 /* Sources */ = {
			isa = PBXSourcesBuildPhase;
			buildActionMask = 2147483647;
			files = (
				F871CC3C2AB3911500FA73E2 /* ViewController.swift in Sources */,
				F871CC382AB3911500FA73E2 /* AppDelegate.swift in Sources */,
				F871CC3A2AB3911500FA73E2 /* SceneDelegate.swift in Sources */,
			);
			runOnlyForDeploymentPostprocessing = 0;
		};
		F871CC462AB3911600FA73E2 /* Sources */ = {
			isa = PBXSourcesBuildPhase;
			buildActionMask = 2147483647;
			files = (
				F871CC4F2AB3911600FA73E2 /* Layman_Assignment02Tests.swift in Sources */,
			);
			runOnlyForDeploymentPostprocessing = 0;
		};
		F871CC502AB3911600FA73E2 /* Sources */ = {
			isa = PBXSourcesBuildPhase;
			buildActionMask = 2147483647;
			files = (
				F871CC592AB3911600FA73E2 /* Layman_Assignment02UITests.swift in Sources */,
				F871CC5B2AB3911600FA73E2 /* Layman_Assignment02UITestsLaunchTests.swift in Sources */,
			);
			runOnlyForDeploymentPostprocessing = 0;
		};
/* End PBXSourcesBuildPhase section */

/* Begin PBXTargetDependency section */
		F871CC4C2AB3911600FA73E2 /* PBXTargetDependency */ = {
			isa = PBXTargetDependency;
			target = F871CC332AB3911500FA73E2 /* Layman_Assignment02 */;
			targetProxy = F871CC4B2AB3911600FA73E2 /* PBXContainerItemProxy */;
		};
		F871CC562AB3911600FA73E2 /* PBXTargetDependency */ = {
			isa = PBXTargetDependency;
			target = F871CC332AB3911500FA73E2 /* Layman_Assignment02 */;
			targetProxy = F871CC552AB3911600FA73E2 /* PBXContainerItemProxy */;
		};
/* End PBXTargetDependency section */

/* Begin PBXVariantGroup section */
		F871CC3D2AB3911500FA73E2 /* Main.storyboard */ = {
			isa = PBXVariantGroup;
			children = (
				F871CC3E2AB3911500FA73E2 /* Base */,
			);
			name = Main.storyboard;
			sourceTree = "<group>";
		};
		F871CC422AB3911600FA73E2 /* LaunchScreen.storyboard */ = {
			isa = PBXVariantGroup;
			children = (
				F871CC432AB3911600FA73E2 /* Base */,
			);
			name = LaunchScreen.storyboard;
			sourceTree = "<group>";
		};
/* End PBXVariantGroup section */

/* Begin XCBuildConfiguration section */
		F871CC5C2AB3911600FA73E2 /* Debug */ = {
			isa = XCBuildConfiguration;
			buildSettings = {
				ALWAYS_SEARCH_USER_PATHS = NO;
				CLANG_ANALYZER_NONNULL = YES;
				CLANG_ANALYZER_NUMBER_OBJECT_CONVERSION = YES_AGGRESSIVE;
				CLANG_CXX_LANGUAGE_STANDARD = "gnu++20";
				CLANG_ENABLE_MODULES = YES;
				CLANG_ENABLE_OBJC_ARC = YES;
				CLANG_ENABLE_OBJC_WEAK = YES;
				CLANG_WARN_BLOCK_CAPTURE_AUTORELEASING = YES;
				CLANG_WARN_BOOL_CONVERSION = YES;
				CLANG_WARN_COMMA = YES;
				CLANG_WARN_CONSTANT_CONVERSION = YES;
				CLANG_WARN_DEPRECATED_OBJC_IMPLEMENTATIONS = YES;
				CLANG_WARN_DIRECT_OBJC_ISA_USAGE = YES_ERROR;
				CLANG_WARN_DOCUMENTATION_COMMENTS = YES;
				CLANG_WARN_EMPTY_BODY = YES;
				CLANG_WARN_ENUM_CONVERSION = YES;
				CLANG_WARN_INFINITE_RECURSION = YES;
				CLANG_WARN_INT_CONVERSION = YES;
				CLANG_WARN_NON_LITERAL_NULL_CONVERSION = YES;
				CLANG_WARN_OBJC_IMPLICIT_RETAIN_SELF = YES;
				CLANG_WARN_OBJC_LITERAL_CONVERSION = YES;
				CLANG_WARN_OBJC_ROOT_CLASS = YES_ERROR;
				CLANG_WARN_QUOTED_INCLUDE_IN_FRAMEWORK_HEADER = YES;
				CLANG_WARN_RANGE_LOOP_ANALYSIS = YES;
				CLANG_WARN_STRICT_PROTOTYPES = YES;
				CLANG_WARN_SUSPICIOUS_MOVE = YES;
				CLANG_WARN_UNGUARDED_AVAILABILITY = YES_AGGRESSIVE;
				CLANG_WARN_UNREACHABLE_CODE = YES;
				CLANG_WARN__DUPLICATE_METHOD_MATCH = YES;
				COPY_PHASE_STRIP = NO;
				DEBUG_INFORMATION_FORMAT = dwarf;
				ENABLE_STRICT_OBJC_MSGSEND = YES;
				ENABLE_TESTABILITY = YES;
				GCC_C_LANGUAGE_STANDARD = gnu11;
				GCC_DYNAMIC_NO_PIC = NO;
				GCC_NO_COMMON_BLOCKS = YES;
				GCC_OPTIMIZATION_LEVEL = 0;
				GCC_PREPROCESSOR_DEFINITIONS = (
					"DEBUG=1",
					"$(inherited)",
				);
				GCC_WARN_64_TO_32_BIT_CONVERSION = YES;
				GCC_WARN_ABOUT_RETURN_TYPE = YES_ERROR;
				GCC_WARN_UNDECLARED_SELECTOR = YES;
				GCC_WARN_UNINITIALIZED_AUTOS = YES_AGGRESSIVE;
				GCC_WARN_UNUSED_FUNCTION = YES;
				GCC_WARN_UNUSED_VARIABLE = YES;
				IPHONEOS_DEPLOYMENT_TARGET = 16.4;
				MTL_ENABLE_DEBUG_INFO = INCLUDE_SOURCE;
				MTL_FAST_MATH = YES;
				ONLY_ACTIVE_ARCH = YES;
				SDKROOT = iphoneos;
				SWIFT_ACTIVE_COMPILATION_CONDITIONS = DEBUG;
				SWIFT_OPTIMIZATION_LEVEL = "-Onone";
			};
			name = Debug;
		};
		F871CC5D2AB3911600FA73E2 /* Release */ = {
			isa = XCBuildConfiguration;
			buildSettings = {
				ALWAYS_SEARCH_USER_PATHS = NO;
				CLANG_ANALYZER_NONNULL = YES;
				CLANG_ANALYZER_NUMBER_OBJECT_CONVERSION = YES_AGGRESSIVE;
				CLANG_CXX_LANGUAGE_STANDARD = "gnu++20";
				CLANG_ENABLE_MODULES = YES;
				CLANG_ENABLE_OBJC_ARC = YES;
				CLANG_ENABLE_OBJC_WEAK = YES;
				CLANG_WARN_BLOCK_CAPTURE_AUTORELEASING = YES;
				CLANG_WARN_BOOL_CONVERSION = YES;
				CLANG_WARN_COMMA = YES;
				CLANG_WARN_CONSTANT_CONVERSION = YES;
				CLANG_WARN_DEPRECATED_OBJC_IMPLEMENTATIONS = YES;
				CLANG_WARN_DIRECT_OBJC_ISA_USAGE = YES_ERROR;
				CLANG_WARN_DOCUMENTATION_COMMENTS = YES;
				CLANG_WARN_EMPTY_BODY = YES;
				CLANG_WARN_ENUM_CONVERSION = YES;
				CLANG_WARN_INFINITE_RECURSION = YES;
				CLANG_WARN_INT_CONVERSION = YES;
				CLANG_WARN_NON_LITERAL_NULL_CONVERSION = YES;
				CLANG_WARN_OBJC_IMPLICIT_RETAIN_SELF = YES;
				CLANG_WARN_OBJC_LITERAL_CONVERSION = YES;
				CLANG_WARN_OBJC_ROOT_CLASS = YES_ERROR;
				CLANG_WARN_QUOTED_INCLUDE_IN_FRAMEWORK_HEADER = YES;
				CLANG_WARN_RANGE_LOOP_ANALYSIS = YES;
				CLANG_WARN_STRICT_PROTOTYPES = YES;
				CLANG_WARN_SUSPICIOUS_MOVE = YES;
				CLANG_WARN_UNGUARDED_AVAILABILITY = YES_AGGRESSIVE;
				CLANG_WARN_UNREACHABLE_CODE = YES;
				CLANG_WARN__DUPLICATE_METHOD_MATCH = YES;
				COPY_PHASE_STRIP = NO;
				DEBUG_INFORMATION_FORMAT = "dwarf-with-dsym";
				ENABLE_NS_ASSERTIONS = NO;
				ENABLE_STRICT_OBJC_MSGSEND = YES;
				GCC_C_LANGUAGE_STANDARD = gnu11;
				GCC_NO_COMMON_BLOCKS = YES;
				GCC_WARN_64_TO_32_BIT_CONVERSION = YES;
				GCC_WARN_ABOUT_RETURN_TYPE = YES_ERROR;
				GCC_WARN_UNDECLARED_SELECTOR = YES;
				GCC_WARN_UNINITIALIZED_AUTOS = YES_AGGRESSIVE;
				GCC_WARN_UNUSED_FUNCTION = YES;
				GCC_WARN_UNUSED_VARIABLE = YES;
				IPHONEOS_DEPLOYMENT_TARGET = 16.4;
				MTL_ENABLE_DEBUG_INFO = NO;
				MTL_FAST_MATH = YES;
				SDKROOT = iphoneos;
				SWIFT_COMPILATION_MODE = wholemodule;
				SWIFT_OPTIMIZATION_LEVEL = "-O";
				VALIDATE_PRODUCT = YES;
			};
			name = Release;
		};
		F871CC5F2AB3911600FA73E2 /* Debug */ = {
			isa = XCBuildConfiguration;
			buildSettings = {
				ASSETCATALOG_COMPILER_APPICON_NAME = AppIcon;
				ASSETCATALOG_COMPILER_GLOBAL_ACCENT_COLOR_NAME = AccentColor;
				CODE_SIGN_STYLE = Automatic;
				CURRENT_PROJECT_VERSION = 1;
				GENERATE_INFOPLIST_FILE = YES;
				INFOPLIST_FILE = Layman_Assignment02/Info.plist;
				INFOPLIST_KEY_UIApplicationSupportsIndirectInputEvents = YES;
				INFOPLIST_KEY_UILaunchStoryboardName = LaunchScreen;
				INFOPLIST_KEY_UIMainStoryboardFile = Main;
				INFOPLIST_KEY_UISupportedInterfaceOrientations_iPad = "UIInterfaceOrientationPortrait UIInterfaceOrientationPortraitUpsideDown UIInterfaceOrientationLandscapeLeft UIInterfaceOrientationLandscapeRight";
				INFOPLIST_KEY_UISupportedInterfaceOrientations_iPhone = "UIInterfaceOrientationPortrait UIInterfaceOrientationLandscapeLeft UIInterfaceOrientationLandscapeRight";
				IPHONEOS_DEPLOYMENT_TARGET = 15.0;
				LD_RUNPATH_SEARCH_PATHS = (
					"$(inherited)",
					"@executable_path/Frameworks",
				);
				MARKETING_VERSION = 1.0;
				PRODUCT_BUNDLE_IDENTIFIER = "nwmsu.Layman-Assignment02";
				PRODUCT_NAME = "$(TARGET_NAME)";
				SWIFT_EMIT_LOC_STRINGS = YES;
				SWIFT_VERSION = 5.0;
				TARGETED_DEVICE_FAMILY = "1,2";
			};
			name = Debug;
		};
		F871CC602AB3911600FA73E2 /* Release */ = {
			isa = XCBuildConfiguration;
			buildSettings = {
				ASSETCATALOG_COMPILER_APPICON_NAME = AppIcon;
				ASSETCATALOG_COMPILER_GLOBAL_ACCENT_COLOR_NAME = AccentColor;
				CODE_SIGN_STYLE = Automatic;
				CURRENT_PROJECT_VERSION = 1;
				GENERATE_INFOPLIST_FILE = YES;
				INFOPLIST_FILE = Layman_Assignment02/Info.plist;
				INFOPLIST_KEY_UIApplicationSupportsIndirectInputEvents = YES;
				INFOPLIST_KEY_UILaunchStoryboardName = LaunchScreen;
				INFOPLIST_KEY_UIMainStoryboardFile = Main;
				INFOPLIST_KEY_UISupportedInterfaceOrientations_iPad = "UIInterfaceOrientationPortrait UIInterfaceOrientationPortraitUpsideDown UIInterfaceOrientationLandscapeLeft UIInterfaceOrientationLandscapeRight";
				INFOPLIST_KEY_UISupportedInterfaceOrientations_iPhone = "UIInterfaceOrientationPortrait UIInterfaceOrientationLandscapeLeft UIInterfaceOrientationLandscapeRight";
				IPHONEOS_DEPLOYMENT_TARGET = 15.0;
				LD_RUNPATH_SEARCH_PATHS = (
					"$(inherited)",
					"@executable_path/Frameworks",
				);
				MARKETING_VERSION = 1.0;
				PRODUCT_BUNDLE_IDENTIFIER = "nwmsu.Layman-Assignment02";
				PRODUCT_NAME = "$(TARGET_NAME)";
				SWIFT_EMIT_LOC_STRINGS = YES;
				SWIFT_VERSION = 5.0;
				TARGETED_DEVICE_FAMILY = "1,2";
			};
			name = Release;
		};
		F871CC622AB3911600FA73E2 /* Debug */ = {
			isa = XCBuildConfiguration;
			buildSettings = {
				ALWAYS_EMBED_SWIFT_STANDARD_LIBRARIES = YES;
				BUNDLE_LOADER = "$(TEST_HOST)";
				CODE_SIGN_STYLE = Automatic;
				CURRENT_PROJECT_VERSION = 1;
				GENERATE_INFOPLIST_FILE = YES;
				IPHONEOS_DEPLOYMENT_TARGET = 16.4;
				MARKETING_VERSION = 1.0;
				PRODUCT_BUNDLE_IDENTIFIER = "nwmsu.Layman-Assignment02Tests";
				PRODUCT_NAME = "$(TARGET_NAME)";
				SWIFT_EMIT_LOC_STRINGS = NO;
				SWIFT_VERSION = 5.0;
				TARGETED_DEVICE_FAMILY = "1,2";
				TEST_HOST = "$(BUILT_PRODUCTS_DIR)/Layman_Assignment02.app/$(BUNDLE_EXECUTABLE_FOLDER_PATH)/Layman_Assignment02";
			};
			name = Debug;
		};
		F871CC632AB3911600FA73E2 /* Release */ = {
			isa = XCBuildConfiguration;
			buildSettings = {
				ALWAYS_EMBED_SWIFT_STANDARD_LIBRARIES = YES;
				BUNDLE_LOADER = "$(TEST_HOST)";
				CODE_SIGN_STYLE = Automatic;
				CURRENT_PROJECT_VERSION = 1;
				GENERATE_INFOPLIST_FILE = YES;
				IPHONEOS_DEPLOYMENT_TARGET = 16.4;
				MARKETING_VERSION = 1.0;
				PRODUCT_BUNDLE_IDENTIFIER = "nwmsu.Layman-Assignment02Tests";
				PRODUCT_NAME = "$(TARGET_NAME)";
				SWIFT_EMIT_LOC_STRINGS = NO;
				SWIFT_VERSION = 5.0;
				TARGETED_DEVICE_FAMILY = "1,2";
				TEST_HOST = "$(BUILT_PRODUCTS_DIR)/Layman_Assignment02.app/$(BUNDLE_EXECUTABLE_FOLDER_PATH)/Layman_Assignment02";
			};
			name = Release;
		};
		F871CC652AB3911600FA73E2 /* Debug */ = {
			isa = XCBuildConfiguration;
			buildSettings = {
				ALWAYS_EMBED_SWIFT_STANDARD_LIBRARIES = YES;
				CODE_SIGN_STYLE = Automatic;
				CURRENT_PROJECT_VERSION = 1;
				GENERATE_INFOPLIST_FILE = YES;
				MARKETING_VERSION = 1.0;
				PRODUCT_BUNDLE_IDENTIFIER = "nwmsu.Layman-Assignment02UITests";
				PRODUCT_NAME = "$(TARGET_NAME)";
				SWIFT_EMIT_LOC_STRINGS = NO;
				SWIFT_VERSION = 5.0;
				TARGETED_DEVICE_FAMILY = "1,2";
				TEST_TARGET_NAME = Layman_Assignment02;
			};
			name = Debug;
		};
		F871CC662AB3911600FA73E2 /* Release */ = {
			isa = XCBuildConfiguration;
			buildSettings = {
				ALWAYS_EMBED_SWIFT_STANDARD_LIBRARIES = YES;
				CODE_SIGN_STYLE = Automatic;
				CURRENT_PROJECT_VERSION = 1;
				GENERATE_INFOPLIST_FILE = YES;
				MARKETING_VERSION = 1.0;
				PRODUCT_BUNDLE_IDENTIFIER = "nwmsu.Layman-Assignment02UITests";
				PRODUCT_NAME = "$(TARGET_NAME)";
				SWIFT_EMIT_LOC_STRINGS = NO;
				SWIFT_VERSION = 5.0;
				TARGETED_DEVICE_FAMILY = "1,2";
				TEST_TARGET_NAME = Layman_Assignment02;
			};
			name = Release;
		};
/* End XCBuildConfiguration section */

/* Begin XCConfigurationList section */
		F871CC2F2AB3911500FA73E2 /* Build configuration list for PBXProject "Layman_Assignment02" */ = {
			isa = XCConfigurationList;
			buildConfigurations = (
				F871CC5C2AB3911600FA73E2 /* Debug */,
				F871CC5D2AB3911600FA73E2 /* Release */,
			);
			defaultConfigurationIsVisible = 0;
			defaultConfigurationName = Release;
		};
		F871CC5E2AB3911600FA73E2 /* Build configuration list for PBXNativeTarget "Layman_Assignment02" */ = {
			isa = XCConfigurationList;
			buildConfigurations = (
				F871CC5F2AB3911600FA73E2 /* Debug */,
				F871CC602AB3911600FA73E2 /* Release */,
			);
			defaultConfigurationIsVisible = 0;
			defaultConfigurationName = Release;
		};
		F871CC612AB3911600FA73E2 /* Build configuration list for PBXNativeTarget "Layman_Assignment02Tests" */ = {
			isa = XCConfigurationList;
			buildConfigurations = (
				F871CC622AB3911600FA73E2 /* Debug */,
				F871CC632AB3911600FA73E2 /* Release */,
			);
			defaultConfigurationIsVisible = 0;
			defaultConfigurationName = Release;
		};
		F871CC642AB3911600FA73E2 /* Build configuration list for PBXNativeTarget "Layman_Assignment02UITests" */ = {
			isa = XCConfigurationList;
			buildConfigurations = (
				F871CC652AB3911600FA73E2 /* Debug */,
				F871CC662AB3911600FA73E2 /* Release */,
			);
			defaultConfigurationIsVisible = 0;
			defaultConfigurationName = Release;
		};
/* End XCConfigurationList section */
	};
	rootObject = F871CC2C2AB3911500FA73E2 /* Project object */;
}
