// !$*UTF8*$!
{
	archiveVersion = 1;
	classes = {
	};
	objectVersion = 56;
	objects = {

/* Begin PBXBuildFile section */
		F8FC12C42B03F47400F05074 /* AppDelegate.swift in Sources */ = {isa = PBXBuildFile; fileRef = F8FC12C32B03F47400F05074 /* AppDelegate.swift */; };
		F8FC12C62B03F47400F05074 /* SceneDelegate.swift in Sources */ = {isa = PBXBuildFile; fileRef = F8FC12C52B03F47400F05074 /* SceneDelegate.swift */; };
		F8FC12C82B03F47400F05074 /* ViewController.swift in Sources */ = {isa = PBXBuildFile; fileRef = F8FC12C72B03F47400F05074 /* ViewController.swift */; };
		F8FC12CB2B03F47400F05074 /* Main.storyboard in Resources */ = {isa = PBXBuildFile; fileRef = F8FC12C92B03F47400F05074 /* Main.storyboard */; };
		F8FC12CD2B03F47500F05074 /* Assets.xcassets in Resources */ = {isa = PBXBuildFile; fileRef = F8FC12CC2B03F47500F05074 /* Assets.xcassets */; };
		F8FC12D02B03F47500F05074 /* LaunchScreen.storyboard in Resources */ = {isa = PBXBuildFile; fileRef = F8FC12CE2B03F47500F05074 /* LaunchScreen.storyboard */; };
		F8FC12DB2B03F47500F05074 /* Layman_Exam02Tests.swift in Sources */ = {isa = PBXBuildFile; fileRef = F8FC12DA2B03F47500F05074 /* Layman_Exam02Tests.swift */; };
		F8FC12E52B03F47500F05074 /* Layman_Exam02UITests.swift in Sources */ = {isa = PBXBuildFile; fileRef = F8FC12E42B03F47500F05074 /* Layman_Exam02UITests.swift */; };
		F8FC12E72B03F47500F05074 /* Layman_Exam02UITestsLaunchTests.swift in Sources */ = {isa = PBXBuildFile; fileRef = F8FC12E62B03F47500F05074 /* Layman_Exam02UITestsLaunchTests.swift */; };
		F8FC12F62B03F86E00F05074 /* ResultViewController.swift in Sources */ = {isa = PBXBuildFile; fileRef = F8FC12F52B03F86E00F05074 /* ResultViewController.swift */; };
/* End PBXBuildFile section */

/* Begin PBXContainerItemProxy section */
		F8FC12D72B03F47500F05074 /* PBXContainerItemProxy */ = {
			isa = PBXContainerItemProxy;
			containerPortal = F8FC12B82B03F47400F05074 /* Project object */;
			proxyType = 1;
			remoteGlobalIDString = F8FC12BF2B03F47400F05074;
			remoteInfo = Layman_Exam02;
		};
		F8FC12E12B03F47500F05074 /* PBXContainerItemProxy */ = {
			isa = PBXContainerItemProxy;
			containerPortal = F8FC12B82B03F47400F05074 /* Project object */;
			proxyType = 1;
			remoteGlobalIDString = F8FC12BF2B03F47400F05074;
			remoteInfo = Layman_Exam02;
		};
/* End PBXContainerItemProxy section */

/* Begin PBXFileReference section */
		F8FC12C02B03F47400F05074 /* Layman_Exam02.app */ = {isa = PBXFileReference; explicitFileType = wrapper.application; includeInIndex = 0; path = Layman_Exam02.app; sourceTree = BUILT_PRODUCTS_DIR; };
		F8FC12C32B03F47400F05074 /* AppDelegate.swift */ = {isa = PBXFileReference; lastKnownFileType = sourcecode.swift; path = AppDelegate.swift; sourceTree = "<group>"; };
		F8FC12C52B03F47400F05074 /* SceneDelegate.swift */ = {isa = PBXFileReference; lastKnownFileType = sourcecode.swift; path = SceneDelegate.swift; sourceTree = "<group>"; };
		F8FC12C72B03F47400F05074 /* ViewController.swift */ = {isa = PBXFileReference; lastKnownFileType = sourcecode.swift; path = ViewController.swift; sourceTree = "<group>"; };
		F8FC12CA2B03F47400F05074 /* Base */ = {isa = PBXFileReference; lastKnownFileType = file.storyboard; name = Base; path = Base.lproj/Main.storyboard; sourceTree = "<group>"; };
		F8FC12CC2B03F47500F05074 /* Assets.xcassets */ = {isa = PBXFileReference; lastKnownFileType = folder.assetcatalog; path = Assets.xcassets; sourceTree = "<group>"; };
		F8FC12CF2B03F47500F05074 /* Base */ = {isa = PBXFileReference; lastKnownFileType = file.storyboard; name = Base; path = Base.lproj/LaunchScreen.storyboard; sourceTree = "<group>"; };
		F8FC12D12B03F47500F05074 /* Info.plist */ = {isa = PBXFileReference; lastKnownFileType = text.plist.xml; path = Info.plist; sourceTree = "<group>"; };
		F8FC12D62B03F47500F05074 /* Layman_Exam02Tests.xctest */ = {isa = PBXFileReference; explicitFileType = wrapper.cfbundle; includeInIndex = 0; path = Layman_Exam02Tests.xctest; sourceTree = BUILT_PRODUCTS_DIR; };
		F8FC12DA2B03F47500F05074 /* Layman_Exam02Tests.swift */ = {isa = PBXFileReference; lastKnownFileType = sourcecode.swift; path = Layman_Exam02Tests.swift; sourceTree = "<group>"; };
		F8FC12E02B03F47500F05074 /* Layman_Exam02UITests.xctest */ = {isa = PBXFileReference; explicitFileType = wrapper.cfbundle; includeInIndex = 0; path = Layman_Exam02UITests.xctest; sourceTree = BUILT_PRODUCTS_DIR; };
		F8FC12E42B03F47500F05074 /* Layman_Exam02UITests.swift */ = {isa = PBXFileReference; lastKnownFileType = sourcecode.swift; path = Layman_Exam02UITests.swift; sourceTree = "<group>"; };
		F8FC12E62B03F47500F05074 /* Layman_Exam02UITestsLaunchTests.swift */ = {isa = PBXFileReference; lastKnownFileType = sourcecode.swift; path = Layman_Exam02UITestsLaunchTests.swift; sourceTree = "<group>"; };
		F8FC12F52B03F86E00F05074 /* ResultViewController.swift */ = {isa = PBXFileReference; lastKnownFileType = sourcecode.swift; path = ResultViewController.swift; sourceTree = "<group>"; };
/* End PBXFileReference section */

/* Begin PBXFrameworksBuildPhase section */
		F8FC12BD2B03F47400F05074 /* Frameworks */ = {
			isa = PBXFrameworksBuildPhase;
			buildActionMask = 2147483647;
			files = (
			);
			runOnlyForDeploymentPostprocessing = 0;
		};
		F8FC12D32B03F47500F05074 /* Frameworks */ = {
			isa = PBXFrameworksBuildPhase;
			buildActionMask = 2147483647;
			files = (
			);
			runOnlyForDeploymentPostprocessing = 0;
		};
		F8FC12DD2B03F47500F05074 /* Frameworks */ = {
			isa = PBXFrameworksBuildPhase;
			buildActionMask = 2147483647;
			files = (
			);
			runOnlyForDeploymentPostprocessing = 0;
		};
/* End PBXFrameworksBuildPhase section */

/* Begin PBXGroup section */
		F8FC12B72B03F47400F05074 = {
			isa = PBXGroup;
			children = (
				F8FC12C22B03F47400F05074 /* Layman_Exam02 */,
				F8FC12D92B03F47500F05074 /* Layman_Exam02Tests */,
				F8FC12E32B03F47500F05074 /* Layman_Exam02UITests */,
				F8FC12C12B03F47400F05074 /* Products */,
			);
			sourceTree = "<group>";
		};
		F8FC12C12B03F47400F05074 /* Products */ = {
			isa = PBXGroup;
			children = (
				F8FC12C02B03F47400F05074 /* Layman_Exam02.app */,
				F8FC12D62B03F47500F05074 /* Layman_Exam02Tests.xctest */,
				F8FC12E02B03F47500F05074 /* Layman_Exam02UITests.xctest */,
			);
			name = Products;
			sourceTree = "<group>";
		};
		F8FC12C22B03F47400F05074 /* Layman_Exam02 */ = {
			isa = PBXGroup;
			children = (
				F8FC12C32B03F47400F05074 /* AppDelegate.swift */,
				F8FC12C52B03F47400F05074 /* SceneDelegate.swift */,
				F8FC12C72B03F47400F05074 /* ViewController.swift */,
				F8FC12C92B03F47400F05074 /* Main.storyboard */,
				F8FC12CC2B03F47500F05074 /* Assets.xcassets */,
				F8FC12CE2B03F47500F05074 /* LaunchScreen.storyboard */,
				F8FC12D12B03F47500F05074 /* Info.plist */,
				F8FC12F52B03F86E00F05074 /* ResultViewController.swift */,
			);
			path = Layman_Exam02;
			sourceTree = "<group>";
		};
		F8FC12D92B03F47500F05074 /* Layman_Exam02Tests */ = {
			isa = PBXGroup;
			children = (
				F8FC12DA2B03F47500F05074 /* Layman_Exam02Tests.swift */,
			);
			path = Layman_Exam02Tests;
			sourceTree = "<group>";
		};
		F8FC12E32B03F47500F05074 /* Layman_Exam02UITests */ = {
			isa = PBXGroup;
			children = (
				F8FC12E42B03F47500F05074 /* Layman_Exam02UITests.swift */,
				F8FC12E62B03F47500F05074 /* Layman_Exam02UITestsLaunchTests.swift */,
			);
			path = Layman_Exam02UITests;
			sourceTree = "<group>";
		};
/* End PBXGroup section */

/* Begin PBXNativeTarget section */
		F8FC12BF2B03F47400F05074 /* Layman_Exam02 */ = {
			isa = PBXNativeTarget;
			buildConfigurationList = F8FC12EA2B03F47500F05074 /* Build configuration list for PBXNativeTarget "Layman_Exam02" */;
			buildPhases = (
				F8FC12BC2B03F47400F05074 /* Sources */,
				F8FC12BD2B03F47400F05074 /* Frameworks */,
				F8FC12BE2B03F47400F05074 /* Resources */,
			);
			buildRules = (
			);
			dependencies = (
			);
			name = Layman_Exam02;
			productName = Layman_Exam02;
			productReference = F8FC12C02B03F47400F05074 /* Layman_Exam02.app */;
			productType = "com.apple.product-type.application";
		};
		F8FC12D52B03F47500F05074 /* Layman_Exam02Tests */ = {
			isa = PBXNativeTarget;
			buildConfigurationList = F8FC12ED2B03F47500F05074 /* Build configuration list for PBXNativeTarget "Layman_Exam02Tests" */;
			buildPhases = (
				F8FC12D22B03F47500F05074 /* Sources */,
				F8FC12D32B03F47500F05074 /* Frameworks */,
				F8FC12D42B03F47500F05074 /* Resources */,
			);
			buildRules = (
			);
			dependencies = (
				F8FC12D82B03F47500F05074 /* PBXTargetDependency */,
			);
			name = Layman_Exam02Tests;
			productName = Layman_Exam02Tests;
			productReference = F8FC12D62B03F47500F05074 /* Layman_Exam02Tests.xctest */;
			productType = "com.apple.product-type.bundle.unit-test";
		};
		F8FC12DF2B03F47500F05074 /* Layman_Exam02UITests */ = {
			isa = PBXNativeTarget;
			buildConfigurationList = F8FC12F02B03F47500F05074 /* Build configuration list for PBXNativeTarget "Layman_Exam02UITests" */;
			buildPhases = (
				F8FC12DC2B03F47500F05074 /* Sources */,
				F8FC12DD2B03F47500F05074 /* Frameworks */,
				F8FC12DE2B03F47500F05074 /* Resources */,
			);
			buildRules = (
			);
			dependencies = (
				F8FC12E22B03F47500F05074 /* PBXTargetDependency */,
			);
			name = Layman_Exam02UITests;
			productName = Layman_Exam02UITests;
			productReference = F8FC12E02B03F47500F05074 /* Layman_Exam02UITests.xctest */;
			productType = "com.apple.product-type.bundle.ui-testing";
		};
/* End PBXNativeTarget section */

/* Begin PBXProject section */
		F8FC12B82B03F47400F05074 /* Project object */ = {
			isa = PBXProject;
			attributes = {
				BuildIndependentTargetsInParallel = 1;
				LastSwiftUpdateCheck = 1500;
				LastUpgradeCheck = 1500;
				TargetAttributes = {
					F8FC12BF2B03F47400F05074 = {
						CreatedOnToolsVersion = 15.0;
					};
					F8FC12D52B03F47500F05074 = {
						CreatedOnToolsVersion = 15.0;
						TestTargetID = F8FC12BF2B03F47400F05074;
					};
					F8FC12DF2B03F47500F05074 = {
						CreatedOnToolsVersion = 15.0;
						TestTargetID = F8FC12BF2B03F47400F05074;
					};
				};
			};
			buildConfigurationList = F8FC12BB2B03F47400F05074 /* Build configuration list for PBXProject "Layman_Exam02" */;
			compatibilityVersion = "Xcode 14.0";
			developmentRegion = en;
			hasScannedForEncodings = 0;
			knownRegions = (
				en,
				Base,
			);
			mainGroup = F8FC12B72B03F47400F05074;
			productRefGroup = F8FC12C12B03F47400F05074 /* Products */;
			projectDirPath = "";
			projectRoot = "";
			targets = (
				F8FC12BF2B03F47400F05074 /* Layman_Exam02 */,
				F8FC12D52B03F47500F05074 /* Layman_Exam02Tests */,
				F8FC12DF2B03F47500F05074 /* Layman_Exam02UITests */,
			);
		};
/* End PBXProject section */

/* Begin PBXResourcesBuildPhase section */
		F8FC12BE2B03F47400F05074 /* Resources */ = {
			isa = PBXResourcesBuildPhase;
			buildActionMask = 2147483647;
			files = (
				F8FC12D02B03F47500F05074 /* LaunchScreen.storyboard in Resources */,
				F8FC12CD2B03F47500F05074 /* Assets.xcassets in Resources */,
				F8FC12CB2B03F47400F05074 /* Main.storyboard in Resources */,
			);
			runOnlyForDeploymentPostprocessing = 0;
		};
		F8FC12D42B03F47500F05074 /* Resources */ = {
			isa = PBXResourcesBuildPhase;
			buildActionMask = 2147483647;
			files = (
			);
			runOnlyForDeploymentPostprocessing = 0;
		};
		F8FC12DE2B03F47500F05074 /* Resources */ = {
			isa = PBXResourcesBuildPhase;
			buildActionMask = 2147483647;
			files = (
			);
			runOnlyForDeploymentPostprocessing = 0;
		};
/* End PBXResourcesBuildPhase section */

/* Begin PBXSourcesBuildPhase section */
		F8FC12BC2B03F47400F05074 /* Sources */ = {
			isa = PBXSourcesBuildPhase;
			buildActionMask = 2147483647;
			files = (
				F8FC12C82B03F47400F05074 /* ViewController.swift in Sources */,
				F8FC12C42B03F47400F05074 /* AppDelegate.swift in Sources */,
				F8FC12C62B03F47400F05074 /* SceneDelegate.swift in Sources */,
				F8FC12F62B03F86E00F05074 /* ResultViewController.swift in Sources */,
			);
			runOnlyForDeploymentPostprocessing = 0;
		};
		F8FC12D22B03F47500F05074 /* Sources */ = {
			isa = PBXSourcesBuildPhase;
			buildActionMask = 2147483647;
			files = (
				F8FC12DB2B03F47500F05074 /* Layman_Exam02Tests.swift in Sources */,
			);
			runOnlyForDeploymentPostprocessing = 0;
		};
		F8FC12DC2B03F47500F05074 /* Sources */ = {
			isa = PBXSourcesBuildPhase;
			buildActionMask = 2147483647;
			files = (
				F8FC12E52B03F47500F05074 /* Layman_Exam02UITests.swift in Sources */,
				F8FC12E72B03F47500F05074 /* Layman_Exam02UITestsLaunchTests.swift in Sources */,
			);
			runOnlyForDeploymentPostprocessing = 0;
		};
/* End PBXSourcesBuildPhase section */

/* Begin PBXTargetDependency section */
		F8FC12D82B03F47500F05074 /* PBXTargetDependency */ = {
			isa = PBXTargetDependency;
			target = F8FC12BF2B03F47400F05074 /* Layman_Exam02 */;
			targetProxy = F8FC12D72B03F47500F05074 /* PBXContainerItemProxy */;
		};
		F8FC12E22B03F47500F05074 /* PBXTargetDependency */ = {
			isa = PBXTargetDependency;
			target = F8FC12BF2B03F47400F05074 /* Layman_Exam02 */;
			targetProxy = F8FC12E12B03F47500F05074 /* PBXContainerItemProxy */;
		};
/* End PBXTargetDependency section */

/* Begin PBXVariantGroup section */
		F8FC12C92B03F47400F05074 /* Main.storyboard */ = {
			isa = PBXVariantGroup;
			children = (
				F8FC12CA2B03F47400F05074 /* Base */,
			);
			name = Main.storyboard;
			sourceTree = "<group>";
		};
		F8FC12CE2B03F47500F05074 /* LaunchScreen.storyboard */ = {
			isa = PBXVariantGroup;
			children = (
				F8FC12CF2B03F47500F05074 /* Base */,
			);
			name = LaunchScreen.storyboard;
			sourceTree = "<group>";
		};
/* End PBXVariantGroup section */

/* Begin XCBuildConfiguration section */
		F8FC12E82B03F47500F05074 /* Debug */ = {
			isa = XCBuildConfiguration;
			buildSettings = {
				ALWAYS_SEARCH_USER_PATHS = NO;
				ASSETCATALOG_COMPILER_GENERATE_SWIFT_ASSET_SYMBOL_EXTENSIONS = YES;
				CLANG_ANALYZER_NONNULL = YES;
				CLANG_ANALYZER_NUMBER_OBJECT_CONVERSION = YES_AGGRESSIVE;
				CLANG_CXX_LANGUAGE_STANDARD = "gnu++20";
				CLANG_ENABLE_MODULES = YES;
				CLANG_ENABLE_OBJC_ARC = YES;
				CLANG_ENABLE_OBJC_WEAK = YES;
				CLANG_WARN_BLOCK_CAPTURE_AUTORELEASING = YES;
				CLANG_WARN_BOOL_CONVERSION = YES;
				CLANG_WARN_COMMA = YES;
				CLANG_WARN_CONSTANT_CONVERSION = YES;
				CLANG_WARN_DEPRECATED_OBJC_IMPLEMENTATIONS = YES;
				CLANG_WARN_DIRECT_OBJC_ISA_USAGE = YES_ERROR;
				CLANG_WARN_DOCUMENTATION_COMMENTS = YES;
				CLANG_WARN_EMPTY_BODY = YES;
				CLANG_WARN_ENUM_CONVERSION = YES;
				CLANG_WARN_INFINITE_RECURSION = YES;
				CLANG_WARN_INT_CONVERSION = YES;
				CLANG_WARN_NON_LITERAL_NULL_CONVERSION = YES;
				CLANG_WARN_OBJC_IMPLICIT_RETAIN_SELF = YES;
				CLANG_WARN_OBJC_LITERAL_CONVERSION = YES;
				CLANG_WARN_OBJC_ROOT_CLASS = YES_ERROR;
				CLANG_WARN_QUOTED_INCLUDE_IN_FRAMEWORK_HEADER = YES;
				CLANG_WARN_RANGE_LOOP_ANALYSIS = YES;
				CLANG_WARN_STRICT_PROTOTYPES = YES;
				CLANG_WARN_SUSPICIOUS_MOVE = YES;
				CLANG_WARN_UNGUARDED_AVAILABILITY = YES_AGGRESSIVE;
				CLANG_WARN_UNREACHABLE_CODE = YES;
				CLANG_WARN__DUPLICATE_METHOD_MATCH = YES;
				COPY_PHASE_STRIP = NO;
				DEBUG_INFORMATION_FORMAT = dwarf;
				ENABLE_STRICT_OBJC_MSGSEND = YES;
				ENABLE_TESTABILITY = YES;
				ENABLE_USER_SCRIPT_SANDBOXING = YES;
				GCC_C_LANGUAGE_STANDARD = gnu17;
				GCC_DYNAMIC_NO_PIC = NO;
				GCC_NO_COMMON_BLOCKS = YES;
				GCC_OPTIMIZATION_LEVEL = 0;
				GCC_PREPROCESSOR_DEFINITIONS = (
					"DEBUG=1",
					"$(inherited)",
				);
				GCC_WARN_64_TO_32_BIT_CONVERSION = YES;
				GCC_WARN_ABOUT_RETURN_TYPE = YES_ERROR;
				GCC_WARN_UNDECLARED_SELECTOR = YES;
				GCC_WARN_UNINITIALIZED_AUTOS = YES_AGGRESSIVE;
				GCC_WARN_UNUSED_FUNCTION = YES;
				GCC_WARN_UNUSED_VARIABLE = YES;
				IPHONEOS_DEPLOYMENT_TARGET = 17.0;
				LOCALIZATION_PREFERS_STRING_CATALOGS = YES;
				MTL_ENABLE_DEBUG_INFO = INCLUDE_SOURCE;
				MTL_FAST_MATH = YES;
				ONLY_ACTIVE_ARCH = YES;
				SDKROOT = iphoneos;
				SWIFT_ACTIVE_COMPILATION_CONDITIONS = "DEBUG $(inherited)";
				SWIFT_OPTIMIZATION_LEVEL = "-Onone";
			};
			name = Debug;
		};
		F8FC12E92B03F47500F05074 /* Release */ = {
			isa = XCBuildConfiguration;
			buildSettings = {
				ALWAYS_SEARCH_USER_PATHS = NO;
				ASSETCATALOG_COMPILER_GENERATE_SWIFT_ASSET_SYMBOL_EXTENSIONS = YES;
				CLANG_ANALYZER_NONNULL = YES;
				CLANG_ANALYZER_NUMBER_OBJECT_CONVERSION = YES_AGGRESSIVE;
				CLANG_CXX_LANGUAGE_STANDARD = "gnu++20";
				CLANG_ENABLE_MODULES = YES;
				CLANG_ENABLE_OBJC_ARC = YES;
				CLANG_ENABLE_OBJC_WEAK = YES;
				CLANG_WARN_BLOCK_CAPTURE_AUTORELEASING = YES;
				CLANG_WARN_BOOL_CONVERSION = YES;
				CLANG_WARN_COMMA = YES;
				CLANG_WARN_CONSTANT_CONVERSION = YES;
				CLANG_WARN_DEPRECATED_OBJC_IMPLEMENTATIONS = YES;
				CLANG_WARN_DIRECT_OBJC_ISA_USAGE = YES_ERROR;
				CLANG_WARN_DOCUMENTATION_COMMENTS = YES;
				CLANG_WARN_EMPTY_BODY = YES;
				CLANG_WARN_ENUM_CONVERSION = YES;
				CLANG_WARN_INFINITE_RECURSION = YES;
				CLANG_WARN_INT_CONVERSION = YES;
				CLANG_WARN_NON_LITERAL_NULL_CONVERSION = YES;
				CLANG_WARN_OBJC_IMPLICIT_RETAIN_SELF = YES;
				CLANG_WARN_OBJC_LITERAL_CONVERSION = YES;
				CLANG_WARN_OBJC_ROOT_CLASS = YES_ERROR;
				CLANG_WARN_QUOTED_INCLUDE_IN_FRAMEWORK_HEADER = YES;
				CLANG_WARN_RANGE_LOOP_ANALYSIS = YES;
				CLANG_WARN_STRICT_PROTOTYPES = YES;
				CLANG_WARN_SUSPICIOUS_MOVE = YES;
				CLANG_WARN_UNGUARDED_AVAILABILITY = YES_AGGRESSIVE;
				CLANG_WARN_UNREACHABLE_CODE = YES;
				CLANG_WARN__DUPLICATE_METHOD_MATCH = YES;
				COPY_PHASE_STRIP = NO;
				DEBUG_INFORMATION_FORMAT = "dwarf-with-dsym";
				ENABLE_NS_ASSERTIONS = NO;
				ENABLE_STRICT_OBJC_MSGSEND = YES;
				ENABLE_USER_SCRIPT_SANDBOXING = YES;
				GCC_C_LANGUAGE_STANDARD = gnu17;
				GCC_NO_COMMON_BLOCKS = YES;
				GCC_WARN_64_TO_32_BIT_CONVERSION = YES;
				GCC_WARN_ABOUT_RETURN_TYPE = YES_ERROR;
				GCC_WARN_UNDECLARED_SELECTOR = YES;
				GCC_WARN_UNINITIALIZED_AUTOS = YES_AGGRESSIVE;
				GCC_WARN_UNUSED_FUNCTION = YES;
				GCC_WARN_UNUSED_VARIABLE = YES;
				IPHONEOS_DEPLOYMENT_TARGET = 17.0;
				LOCALIZATION_PREFERS_STRING_CATALOGS = YES;
				MTL_ENABLE_DEBUG_INFO = NO;
				MTL_FAST_MATH = YES;
				SDKROOT = iphoneos;
				SWIFT_COMPILATION_MODE = wholemodule;
				VALIDATE_PRODUCT = YES;
			};
			name = Release;
		};
		F8FC12EB2B03F47500F05074 /* Debug */ = {
			isa = XCBuildConfiguration;
			buildSettings = {
				ASSETCATALOG_COMPILER_APPICON_NAME = AppIcon;
				ASSETCATALOG_COMPILER_GLOBAL_ACCENT_COLOR_NAME = AccentColor;
				CODE_SIGN_STYLE = Automatic;
				CURRENT_PROJECT_VERSION = 1;
				GENERATE_INFOPLIST_FILE = YES;
				INFOPLIST_FILE = Layman_Exam02/Info.plist;
				INFOPLIST_KEY_UIApplicationSupportsIndirectInputEvents = YES;
				INFOPLIST_KEY_UILaunchStoryboardName = LaunchScreen;
				INFOPLIST_KEY_UIMainStoryboardFile = Main;
				INFOPLIST_KEY_UISupportedInterfaceOrientations_iPad = "UIInterfaceOrientationPortrait UIInterfaceOrientationPortraitUpsideDown UIInterfaceOrientationLandscapeLeft UIInterfaceOrientationLandscapeRight";
				INFOPLIST_KEY_UISupportedInterfaceOrientations_iPhone = "UIInterfaceOrientationPortrait UIInterfaceOrientationLandscapeLeft UIInterfaceOrientationLandscapeRight";
				IPHONEOS_DEPLOYMENT_TARGET = 15.5;
				LD_RUNPATH_SEARCH_PATHS = (
					"$(inherited)",
					"@executable_path/Frameworks",
				);
				MARKETING_VERSION = 1.0;
				PRODUCT_BUNDLE_IDENTIFIER = "nwmsu.Layman-Exam02";
				PRODUCT_NAME = "$(TARGET_NAME)";
				SWIFT_EMIT_LOC_STRINGS = YES;
				SWIFT_VERSION = 5.0;
				TARGETED_DEVICE_FAMILY = "1,2";
			};
			name = Debug;
		};
		F8FC12EC2B03F47500F05074 /* Release */ = {
			isa = XCBuildConfiguration;
			buildSettings = {
				ASSETCATALOG_COMPILER_APPICON_NAME = AppIcon;
				ASSETCATALOG_COMPILER_GLOBAL_ACCENT_COLOR_NAME = AccentColor;
				CODE_SIGN_STYLE = Automatic;
				CURRENT_PROJECT_VERSION = 1;
				GENERATE_INFOPLIST_FILE = YES;
				INFOPLIST_FILE = Layman_Exam02/Info.plist;
				INFOPLIST_KEY_UIApplicationSupportsIndirectInputEvents = YES;
				INFOPLIST_KEY_UILaunchStoryboardName = LaunchScreen;
				INFOPLIST_KEY_UIMainStoryboardFile = Main;
				INFOPLIST_KEY_UISupportedInterfaceOrientations_iPad = "UIInterfaceOrientationPortrait UIInterfaceOrientationPortraitUpsideDown UIInterfaceOrientationLandscapeLeft UIInterfaceOrientationLandscapeRight";
				INFOPLIST_KEY_UISupportedInterfaceOrientations_iPhone = "UIInterfaceOrientationPortrait UIInterfaceOrientationLandscapeLeft UIInterfaceOrientationLandscapeRight";
				IPHONEOS_DEPLOYMENT_TARGET = 15.5;
				LD_RUNPATH_SEARCH_PATHS = (
					"$(inherited)",
					"@executable_path/Frameworks",
				);
				MARKETING_VERSION = 1.0;
				PRODUCT_BUNDLE_IDENTIFIER = "nwmsu.Layman-Exam02";
				PRODUCT_NAME = "$(TARGET_NAME)";
				SWIFT_EMIT_LOC_STRINGS = YES;
				SWIFT_VERSION = 5.0;
				TARGETED_DEVICE_FAMILY = "1,2";
			};
			name = Release;
		};
		F8FC12EE2B03F47500F05074 /* Debug */ = {
			isa = XCBuildConfiguration;
			buildSettings = {
				ALWAYS_EMBED_SWIFT_STANDARD_LIBRARIES = YES;
				BUNDLE_LOADER = "$(TEST_HOST)";
				CODE_SIGN_STYLE = Automatic;
				CURRENT_PROJECT_VERSION = 1;
				GENERATE_INFOPLIST_FILE = YES;
				IPHONEOS_DEPLOYMENT_TARGET = 17.0;
				MARKETING_VERSION = 1.0;
				PRODUCT_BUNDLE_IDENTIFIER = "nwmsu.Layman-Exam02Tests";
				PRODUCT_NAME = "$(TARGET_NAME)";
				SWIFT_EMIT_LOC_STRINGS = NO;
				SWIFT_VERSION = 5.0;
				TARGETED_DEVICE_FAMILY = "1,2";
				TEST_HOST = "$(BUILT_PRODUCTS_DIR)/Layman_Exam02.app/$(BUNDLE_EXECUTABLE_FOLDER_PATH)/Layman_Exam02";
			};
			name = Debug;
		};
		F8FC12EF2B03F47500F05074 /* Release */ = {
			isa = XCBuildConfiguration;
			buildSettings = {
				ALWAYS_EMBED_SWIFT_STANDARD_LIBRARIES = YES;
				BUNDLE_LOADER = "$(TEST_HOST)";
				CODE_SIGN_STYLE = Automatic;
				CURRENT_PROJECT_VERSION = 1;
				GENERATE_INFOPLIST_FILE = YES;
				IPHONEOS_DEPLOYMENT_TARGET = 17.0;
				MARKETING_VERSION = 1.0;
				PRODUCT_BUNDLE_IDENTIFIER = "nwmsu.Layman-Exam02Tests";
				PRODUCT_NAME = "$(TARGET_NAME)";
				SWIFT_EMIT_LOC_STRINGS = NO;
				SWIFT_VERSION = 5.0;
				TARGETED_DEVICE_FAMILY = "1,2";
				TEST_HOST = "$(BUILT_PRODUCTS_DIR)/Layman_Exam02.app/$(BUNDLE_EXECUTABLE_FOLDER_PATH)/Layman_Exam02";
			};
			name = Release;
		};
		F8FC12F12B03F47500F05074 /* Debug */ = {
			isa = XCBuildConfiguration;
			buildSettings = {
				ALWAYS_EMBED_SWIFT_STANDARD_LIBRARIES = YES;
				CODE_SIGN_STYLE = Automatic;
				CURRENT_PROJECT_VERSION = 1;
				GENERATE_INFOPLIST_FILE = YES;
				MARKETING_VERSION = 1.0;
				PRODUCT_BUNDLE_IDENTIFIER = "nwmsu.Layman-Exam02UITests";
				PRODUCT_NAME = "$(TARGET_NAME)";
				SWIFT_EMIT_LOC_STRINGS = NO;
				SWIFT_VERSION = 5.0;
				TARGETED_DEVICE_FAMILY = "1,2";
				TEST_TARGET_NAME = Layman_Exam02;
			};
			name = Debug;
		};
		F8FC12F22B03F47500F05074 /* Release */ = {
			isa = XCBuildConfiguration;
			buildSettings = {
				ALWAYS_EMBED_SWIFT_STANDARD_LIBRARIES = YES;
				CODE_SIGN_STYLE = Automatic;
				CURRENT_PROJECT_VERSION = 1;
				GENERATE_INFOPLIST_FILE = YES;
				MARKETING_VERSION = 1.0;
				PRODUCT_BUNDLE_IDENTIFIER = "nwmsu.Layman-Exam02UITests";
				PRODUCT_NAME = "$(TARGET_NAME)";
				SWIFT_EMIT_LOC_STRINGS = NO;
				SWIFT_VERSION = 5.0;
				TARGETED_DEVICE_FAMILY = "1,2";
				TEST_TARGET_NAME = Layman_Exam02;
			};
			name = Release;
		};
/* End XCBuildConfiguration section */

/* Begin XCConfigurationList section */
		F8FC12BB2B03F47400F05074 /* Build configuration list for PBXProject "Layman_Exam02" */ = {
			isa = XCConfigurationList;
			buildConfigurations = (
				F8FC12E82B03F47500F05074 /* Debug */,
				F8FC12E92B03F47500F05074 /* Release */,
			);
			defaultConfigurationIsVisible = 0;
			defaultConfigurationName = Release;
		};
		F8FC12EA2B03F47500F05074 /* Build configuration list for PBXNativeTarget "Layman_Exam02" */ = {
			isa = XCConfigurationList;
			buildConfigurations = (
				F8FC12EB2B03F47500F05074 /* Debug */,
				F8FC12EC2B03F47500F05074 /* Release */,
			);
			defaultConfigurationIsVisible = 0;
			defaultConfigurationName = Release;
		};
		F8FC12ED2B03F47500F05074 /* Build configuration list for PBXNativeTarget "Layman_Exam02Tests" */ = {
			isa = XCConfigurationList;
			buildConfigurations = (
				F8FC12EE2B03F47500F05074 /* Debug */,
				F8FC12EF2B03F47500F05074 /* Release */,
			);
			defaultConfigurationIsVisible = 0;
			defaultConfigurationName = Release;
		};
		F8FC12F02B03F47500F05074 /* Build configuration list for PBXNativeTarget "Layman_Exam02UITests" */ = {
			isa = XCConfigurationList;
			buildConfigurations = (
				F8FC12F12B03F47500F05074 /* Debug */,
				F8FC12F22B03F47500F05074 /* Release */,
			);
			defaultConfigurationIsVisible = 0;
			defaultConfigurationName = Release;
		};
/* End XCConfigurationList section */
	};
	rootObject = F8FC12B82B03F47400F05074 /* Project object */;
}
